{
    "version": 4,
    "terraform_version": "1.5.7",
    "serial": 648,
    "lineage": "6ca3a6c3-3377-c064-fa24-80013ed04789",
    "outputs": {
      "cluster_endpoint": {
        "value": "https://37BCFD0E639C0170640243B86CF6399D.gr7.us-east-1.eks.amazonaws.com",
        "type": "string"
      },
      "cluster_name": {
        "value": "onyxquity-v3-pi",
        "type": "string"
      },
      "cluster_security_group_id": {
        "value": "sg-0c39bec29e64f378f",
        "type": "string"
      },
      "private_subnets": {
        "value": [
          "subnet-0c10e29da7584a883",
          "subnet-0995e097326f4d462",
          "subnet-00304271b972ca69f"
        ],
        "type": [
          "tuple",
          [
            "string",
            "string",
            "string"
          ]
        ]
      },
      "public_subnets": {
        "value": [
          "subnet-06b0ab8f822bcf035",
          "subnet-08d4dd7a3fde61018",
          "subnet-062fc9a1132e1d64d"
        ],
        "type": [
          "tuple",
          [
            "string",
            "string",
            "string"
          ]
        ]
      },
      "region": {
        "value": "us-east-1",
        "type": "string"
      }
    },
    "resources": [
      {
        "mode": "data",
        "type": "aws_availability_zones",
        "name": "available",
        "provider": "provider[\"registry.terraform.io/hashicorp/aws\"]",
        "instances": [
          {
            "schema_version": 0,
            "attributes": {
              "all_availability_zones": null,
              "exclude_names": null,
              "exclude_zone_ids": null,
              "filter": null,
              "group_names": [
                "us-east-1"
              ],
              "id": "us-east-1",
              "names": [
                "us-east-1a",
                "us-east-1b",
                "us-east-1c",
                "us-east-1d",
                "us-east-1e",
                "us-east-1f"
              ],
              "state": null,
              "timeouts": null,
              "zone_ids": [
                "use1-az4",
                "use1-az6",
                "use1-az1",
                "use1-az2",
                "use1-az3",
                "use1-az5"
              ]
            },
            "sensitive_attributes": []
          }
        ]
      },
      {
        "mode": "data",
        "type": "aws_eks_cluster",
        "name": "cluster",
        "provider": "provider[\"registry.terraform.io/hashicorp/aws\"]",
        "instances": [
          {
            "schema_version": 0,
            "attributes": {
              "arn": "arn:aws:eks:us-east-1:353631548678:cluster/eks-onyxquity-v3-pi",
              "certificate_authority": [
                {
                  "data": "LS0tLS1CRUdJTiBDRVJUSUZJQ0FURS0tLS0tCk1JSURCVENDQWUyZ0F3SUJBZ0lJU051L05IajRBcjB3RFFZSktvWklodmNOQVFFTEJRQXdGVEVUTUJFR0ExVUUKQXhNS2EzVmlaWEp1WlhSbGN6QWVGdzB5TXpBNU1qZ3dNVEk1TURWYUZ3MHpNekE1TWpVd01USTVNRFZhTUJVeApFekFSQmdOVkJBTVRDbXQxWW1WeWJtVjBaWE13Z2dFaU1BMEdDU3FHU0liM0RRRUJBUVVBQTRJQkR3QXdnZ0VLCkFvSUJBUUNudTI0NnlSVnBzMW5yUEg5N2lwZWhIR1ZaN2NKNCtlZzRIRVdkZVMwZFcxczQzdW92M1crNFk1NUUKNDU0R3dweGloZURWcStHRm9ubmVUNDVTc3BXMExHT0d6NzVvcHJzM1FRbHZJcXJVaGZDcHhxemJVS0NIY1JNawpBSmo0Z040MjFYdU9reHhJcFNuU1NORzZWTy9VdkJOOEtjNmRqclRyRWRWRThITTR5QW12bXR5Q3B3aW1ZWFBSCjdPZHYzYkY2ZEZqZVpkM3N6QWpMMkQxcDVnQVFiYi92cmMrdTRTbkpmVGx1RkpEekhXbDByekZDQWU1a3RXTEQKUUxUK01YeTR0M1dqSWtxWnlsbitIckNkZW1jcW1RQ2ViellRZ09rb1JlQVllR0pxMWRkOXRWWG9JSDYxWTBIcgozemg4RCtVTnNUTkV5MG5mZWZ6RVN2ckRaOTdkQWdNQkFBR2pXVEJYTUE0R0ExVWREd0VCL3dRRUF3SUNwREFQCkJnTlZIUk1CQWY4RUJUQURBUUgvTUIwR0ExVWREZ1FXQkJRTnNPVGV3cnFZUnlrWUNHdWdqa0hnWnZ2dFJEQVYKQmdOVkhSRUVEakFNZ2dwcmRXSmxjbTVsZEdWek1BMEdDU3FHU0liM0RRRUJDd1VBQTRJQkFRQTVZdlhmdG4xTwo0S0Q5S0loVGJ3OU5uZjZSSzllWTlXQ0R4cUxzZUI4SVZUcEhzU1V3MDUyVFRzUGdEMzhHRndHdGlPak5vbS9vCnNvRGFibXRQL2M3b3g2ODFEVUxMVW5iYXdmQ015RGhVMVc0UXVBWmkyQTJjMVNva0had3FDYzBEZEdmU3gwVlAKSUd0VmJEMUY4SExFblpmSGYxM1ZtbXVpYWJnclhydXdwUmFhQWdNS0tKWmF5NG9YRmpKSlpTWDF4LzNGUWl1VQpVMTJlU3VKeVYwTnJsaEpUK2lITDU2dit2RlJHNVVEaWNGb3dDV2VkMlcxMHZZaTdFdXB0U3hYWG9NMGp4TTNCCjFqN3ZFbGQwT2VYQmFJTEh1UGpSUmZsbUlQb2dwbDF4UWZNYmJXMzBEdUJhb2R3ZmoyOGU2RE9RMDVFZVZacmMKN1d5Ym10MDNVbEJNCi0tLS0tRU5EIENFUlRJRklDQVRFLS0tLS0K"
                }
              ],
              "cluster_id": null,
              "created_at": "2023-09-28 01:24:30.125 +0000 UTC",
              "enabled_cluster_log_types": [
                "api",
                "audit",
                "authenticator"
              ],
              "endpoint": "https://37BCFD0E639C0170640243B86CF6399D.gr7.us-east-1.eks.amazonaws.com",
              "id": "eks-onyxquity-v3-pi",
              "identity": [
                {
                  "oidc": [
                    {
                      "issuer": "https://oidc.eks.us-east-1.amazonaws.com/id/37BCFD0E639C0170640243B86CF6399D"
                    }
                  ]
                }
              ],
              "kubernetes_network_config": [
                {
                  "ip_family": "ipv4",
                  "service_ipv4_cidr": "10.100.0.0/16",
                  "service_ipv6_cidr": ""
                }
              ],
              "name": "eks-onyxquity-v3-pi",
              "outpost_config": [],
              "platform_version": "eks.5",
              "role_arn": "arn:aws:iam::353631548678:role/eks-onyxquity-v3-pi-cluster-20230928012410923400000001",
              "status": "ACTIVE",
              "tags": {},
              "version": "1.27",
              "vpc_config": [
                {
                  "cluster_security_group_id": "sg-02ad493483286ec61",
                  "endpoint_private_access": false,
                  "endpoint_public_access": true,
                  "public_access_cidrs": [
                    "0.0.0.0/0"
                  ],
                  "security_group_ids": [
                    "sg-0c39bec29e64f378f"
                  ],
                  "subnet_ids": [
                    "subnet-00304271b972ca69f",
                    "subnet-0995e097326f4d462",
                    "subnet-0c10e29da7584a883"
                  ],
                  "vpc_id": "vpc-053f00045424e1d9a"
                }
              ]
            },
            "sensitive_attributes": []
          }
        ]
      },
      {
        "mode": "data",
        "type": "aws_eks_cluster_auth",
        "name": "cluster",
        "provider": "provider[\"registry.terraform.io/hashicorp/aws\"]",
        "instances": [
          {
            "schema_version": 0,
            "attributes": {
              "id": "eks-onyxquity-v3-pi",
              "name": "eks-onyxquity-v3-pi",
              "token": "k8s-aws-v1.aHR0cHM6Ly9zdHMuYW1hem9uYXdzLmNvbS8_QWN0aW9uPUdldENhbGxlcklkZW50aXR5JlZlcnNpb249MjAxMS0wNi0xNSZYLUFtei1BbGdvcml0aG09QVdTNC1ITUFDLVNIQTI1NiZYLUFtei1DcmVkZW50aWFsPUFTSUFWRVZRVkdVREtEVENERTdWJTJGMjAyMzA5MjglMkZ1cy1lYXN0LTElMkZzdHMlMkZhd3M0X3JlcXVlc3QmWC1BbXotRGF0ZT0yMDIzMDkyOFQwMTMyMzhaJlgtQW16LUV4cGlyZXM9MCZYLUFtei1TZWN1cml0eS1Ub2tlbj1JUW9KYjNKcFoybHVYMlZqRUtMJTJGJTJGJTJGJTJGJTJGJTJGJTJGJTJGJTJGJTJGd0VhQ1hWekxXVmhjM1F0TVNKSU1FWUNJUUNOMzRqQ1FzWTZub3k4WjFkbmMlMkY0a0x4aCUyQjM1WmtzUkV3WnRJRW1UUVFIZ0loQUxHY3c5bkdsNUVTV0tZODN4eVZENW1PaDRUUU5pbjNUR0gzcCUyRndCUyUyQm16S3NVRkNKciUyRiUyRiUyRiUyRiUyRiUyRiUyRiUyRiUyRiUyRndFUUFCb01NelV6TmpNeE5UUTROamM0SWd6TlM3eUlUYlFDSERIblBvMHFtUVhBTlRXRHpocUZUbUppNkV0RFUlMkJXaHJoYndBYk1oSFkyJTJGcVlSSjlYQTJ0WHNKUVhEWmJVJTJCUU16V1AlMkZRcUhrJTJGdVdWeWx1emZOZ3J4MHB4c1BPQzZ6UzZZSVRGNGFoY3BYT2lOeXc1RFlYY2JhTFlYQXAlMkIzY1JYemNGenFyWHlvdEElMkJucGpES05ZUk9TJTJGbFluWUxDMVNkRFRKYmN4eDBHMyUyRmY3ckJSdUxLUWRzbnBiYUJnY2d6JTJCOHE4VXphUU12WWlSQnN6U0lVVUlMMnlzMnVxYWpSUmNoVjRMU0ZRTlBxOTE3R2hWMjdtRGU3c2hyd1VkQXBkZVFiU1R6JTJGR29LbzZHb2h6SksxNEhLRGx0Y1hZTENobnpQQjVBSjE0TDd5QUtvWWc3MjFaRkZaM0V1ZnZ5MHpRVkJvZllXaHFWSk5xb0MlMkJ3NWloVFpQQjhmMnUyVyUyQmR3NW94dkxtcnJJOExDcG1GNmVjRjVCTXFYdzNPamdDTHBGVHZDNUNuM3E4c1FKWGJaUURQa0REZkYxdndEeDJSb2NMSVBjNE1tcFV1R2RkMXJ2eDZTYm1CNjBKallaYlpvbjVPUkx3YjF2YkRvbTFXUzhaZEwlMkZxNzUzblhjeUw4cG5rcTAzNE8lMkZGdVAlMkJWTVNkUUNVJTJGQVduSmo3RWVMRUlLUnYlMkY0enJVSTNXUVlJSkhsODNOa1ljTHZtTktmM1pvQVdCdU9MTSUyRlNKNDJaaSUyQlp0JTJGYmNZOU43S3p2Y29zVFd0cFl1U0VYcnc4dVV1aGVWJTJCbDRIdVJXeXN0c3dvQzBWRkR0JTJGT3dnTk5PcmJvUXZqeTFXVDk4OGFMdXZUVndLdzIxRThVWkE4cHFONzFkJTJCM2c5QnBBeTV0bEgwVHZ1SlRKVW4lMkZpV1Z2UExxdE9SNERBbnZOY0d2aFlqUVluR2NCdG5rMW1rJTJGN3d2NXZXTDZkNyUyRk9MUEYlMkZoeFlmeTE1Y3ZhdGpwT1JycmM3MUNHaSUyQkhBQXNra1FzZHZEY1JaR1lFbTclMkYzSHpqZmRDaHg5R3lPZUFCNE1HUE5JQnE4WkVoJTJGT05Rckl2Nk81eEVQZDczZXkxemV2ZllwbkdUaTFJeU5xWk5CbWMyM25qUVQ0cnJDbEJoeDFqSXd5JTJCelFnJTJCZkRQTE11REwycFY1SzN6M0cwR2dxRGJtbFh6ckNMZnJ2WEJkakR4cDlPb0JqcXdBUmJpTGlJSiUyQm9mQnI3V0JWYUphTEVHdmhYcHFmYjRNSHJLMmtXd09DVkN4ejVDeGpkOXJha0dzWk1qTDlkUWVDME85d25aRXlLY1hBYXkwZGQlMkZkN2htZTJSY3FUS0Z2S2ZqMW5vam1YUmdIQlVZamlhY1lQZkNVTVAwRFFUMExON2tLUVZPWVdZQ1AyZTZnWEYzZWZjWW05VjFkZlg1SldMOTFScnc5bkNXd2ViamdmQUtRS2o5ZkV3a1hqU2txR2FqJTJCcnBVc0x4SmhsVCUyRkY2TVlDT2FySnR3eU5GUlJkWWElMkZIejBmTUUyYWcmWC1BbXotU2lnbmVkSGVhZGVycz1ob3N0JTNCeC1rOHMtYXdzLWlkJlgtQW16LVNpZ25hdHVyZT03ZjkxNzUxYTNkMzQ1MTg1MzQ3M2U4ZDNmNDFmYmZlZTExYjU5OTA2YTQ1MmYwZGQ3MzczZWZiZWRmZjNiY2Vh"
            },
            "sensitive_attributes": []
          }
        ]
      },
      {
        "mode": "managed",
        "type": "aws_iam_policy",
        "name": "worker_policy",
        "provider": "provider[\"registry.terraform.io/hashicorp/aws\"]",
        "instances": [
          {
            "schema_version": 0,
            "attributes": {
              "arn": "arn:aws:iam::353631548678:policy/worker-policy",
              "description": "Worker policy for the ALB Ingress",
              "id": "arn:aws:iam::353631548678:policy/worker-policy",
              "name": "worker-policy",
              "name_prefix": "",
              "path": "/",
              "policy": "{\"Statement\":[{\"Action\":[\"acm:DescribeCertificate\",\"acm:ListCertificates\",\"acm:GetCertificate\"],\"Effect\":\"Allow\",\"Resource\":\"*\"},{\"Action\":[\"ec2:AuthorizeSecurityGroupIngress\",\"ec2:CreateSecurityGroup\",\"ec2:CreateTags\",\"ec2:DeleteTags\",\"ec2:DeleteSecurityGroup\",\"ec2:DescribeAccountAttributes\",\"ec2:DescribeAddresses\",\"ec2:DescribeInstances\",\"ec2:DescribeInstanceStatus\",\"ec2:DescribeInternetGateways\",\"ec2:DescribeNetworkInterfaces\",\"ec2:DescribeSecurityGroups\",\"ec2:DescribeSubnets\",\"ec2:DescribeTags\",\"ec2:DescribeVpcs\",\"ec2:ModifyInstanceAttribute\",\"ec2:ModifyNetworkInterfaceAttribute\",\"ec2:RevokeSecurityGroupIngress\"],\"Effect\":\"Allow\",\"Resource\":\"*\"},{\"Action\":[\"elasticloadbalancing:AddListenerCertificates\",\"elasticloadbalancing:AddTags\",\"elasticloadbalancing:CreateListener\",\"elasticloadbalancing:CreateLoadBalancer\",\"elasticloadbalancing:CreateRule\",\"elasticloadbalancing:CreateTargetGroup\",\"elasticloadbalancing:DeleteListener\",\"elasticloadbalancing:DeleteLoadBalancer\",\"elasticloadbalancing:DeleteRule\",\"elasticloadbalancing:DeleteTargetGroup\",\"elasticloadbalancing:DeregisterTargets\",\"elasticloadbalancing:DescribeListenerCertificates\",\"elasticloadbalancing:DescribeListeners\",\"elasticloadbalancing:DescribeLoadBalancers\",\"elasticloadbalancing:DescribeLoadBalancerAttributes\",\"elasticloadbalancing:DescribeRules\",\"elasticloadbalancing:DescribeSSLPolicies\",\"elasticloadbalancing:DescribeTags\",\"elasticloadbalancing:DescribeTargetGroups\",\"elasticloadbalancing:DescribeTargetGroupAttributes\",\"elasticloadbalancing:DescribeTargetHealth\",\"elasticloadbalancing:ModifyListener\",\"elasticloadbalancing:ModifyLoadBalancerAttributes\",\"elasticloadbalancing:ModifyRule\",\"elasticloadbalancing:ModifyTargetGroup\",\"elasticloadbalancing:ModifyTargetGroupAttributes\",\"elasticloadbalancing:RegisterTargets\",\"elasticloadbalancing:RemoveListenerCertificates\",\"elasticloadbalancing:RemoveTags\",\"elasticloadbalancing:SetIpAddressType\",\"elasticloadbalancing:SetSecurityGroups\",\"elasticloadbalancing:SetSubnets\",\"elasticloadbalancing:SetWebAcl\"],\"Effect\":\"Allow\",\"Resource\":\"*\"},{\"Action\":[\"iam:CreateServiceLinkedRole\",\"iam:GetServerCertificate\",\"iam:ListServerCertificates\"],\"Effect\":\"Allow\",\"Resource\":\"*\"},{\"Action\":[\"cognito-idp:DescribeUserPoolClient\"],\"Effect\":\"Allow\",\"Resource\":\"*\"},{\"Action\":[\"waf-regional:GetWebACLForResource\",\"waf-regional:GetWebACL\",\"waf-regional:AssociateWebACL\",\"waf-regional:DisassociateWebACL\"],\"Effect\":\"Allow\",\"Resource\":\"*\"},{\"Action\":[\"tag:GetResources\",\"tag:TagResources\"],\"Effect\":\"Allow\",\"Resource\":\"*\"},{\"Action\":[\"waf:GetWebACL\"],\"Effect\":\"Allow\",\"Resource\":\"*\"},{\"Action\":[\"wafv2:GetWebACL\",\"wafv2:GetWebACLForResource\",\"wafv2:AssociateWebACL\",\"wafv2:DisassociateWebACL\"],\"Effect\":\"Allow\",\"Resource\":\"*\"},{\"Action\":[\"shield:DescribeProtection\",\"shield:GetSubscriptionState\",\"shield:DeleteProtection\",\"shield:CreateProtection\",\"shield:DescribeSubscription\",\"shield:ListProtections\"],\"Effect\":\"Allow\",\"Resource\":\"*\"}],\"Version\":\"2012-10-17\"}",
              "policy_id": "ANPAVEVQVGUDMGWTFQ6BP",
              "tags": null,
              "tags_all": {}
            },
            "sensitive_attributes": [],
            "private": "bnVsbA=="
          }
        ]
      },
      {
        "mode": "managed",
        "type": "aws_iam_role_policy_attachment",
        "name": "additional",
        "provider": "provider[\"registry.terraform.io/hashicorp/aws\"]",
        "instances": [
          {
            "index_key": "worker",
            "schema_version": 0,
            "attributes": {
              "id": "worker-eks-node-group-20230928012410924500000002-20230928013446980100000010",
              "policy_arn": "arn:aws:iam::353631548678:policy/worker-policy",
              "role": "worker-eks-node-group-20230928012410924500000002"
            },
            "sensitive_attributes": [],
            "private": "bnVsbA==",
            "dependencies": [
              "aws_iam_policy.worker_policy",
              "data.aws_availability_zones.available",
              "module.eks.aws_cloudwatch_log_group.this",
              "module.eks.aws_eks_cluster.this",
              "module.eks.aws_iam_role.this",
              "module.eks.aws_iam_role_policy_attachment.this",
              "module.eks.aws_security_group.cluster",
              "module.eks.aws_security_group.node",
              "module.eks.aws_security_group_rule.cluster",
              "module.eks.aws_security_group_rule.node",
              "module.eks.data.aws_iam_policy_document.assume_role_policy",
              "module.eks.data.aws_partition.current",
              "module.eks.module.eks_managed_node_group.aws_eks_node_group.this",
              "module.eks.module.eks_managed_node_group.aws_iam_role.this",
              "module.eks.module.eks_managed_node_group.aws_iam_role_policy_attachment.this",
              "module.eks.module.eks_managed_node_group.aws_launch_template.this",
              "module.eks.module.eks_managed_node_group.aws_security_group.this",
              "module.eks.module.eks_managed_node_group.aws_security_group_rule.this",
              "module.eks.module.eks_managed_node_group.data.aws_caller_identity.current",
              "module.eks.module.eks_managed_node_group.data.aws_iam_policy_document.assume_role_policy",
              "module.eks.module.eks_managed_node_group.data.aws_partition.current",
              "module.eks.module.eks_managed_node_group.module.user_data.data.cloudinit_config.linux_eks_managed_node_group",
              "module.eks.module.kms.aws_kms_external_key.this",
              "module.eks.module.kms.aws_kms_key.this",
              "module.vpc.aws_subnet.private",
              "module.vpc.aws_vpc.this",
              "module.vpc.aws_vpc_ipv4_cidr_block_association.this"
            ]
          }
        ]
      },
      {
        "mode": "managed",
        "type": "helm_release",
        "name": "ingress",
        "provider": "provider[\"registry.terraform.io/hashicorp/helm\"]",
        "instances": [
          {
            "schema_version": 1,
            "attributes": {
              "atomic": false,
              "chart": "aws-load-balancer-controller",
              "cleanup_on_fail": false,
              "create_namespace": false,
              "dependency_update": false,
              "description": null,
              "devel": null,
              "disable_crd_hooks": false,
              "disable_openapi_validation": false,
              "disable_webhooks": false,
              "force_update": false,
              "id": "ingress",
              "keyring": null,
              "lint": false,
              "manifest": null,
              "max_history": 0,
              "metadata": [
                {
                  "app_version": "v2.4.5",
                  "chart": "aws-load-balancer-controller",
                  "name": "ingress",
                  "namespace": "default",
                  "revision": 1,
                  "values": "{\"autoDiscoverAwsRegion\":true,\"autoDiscoverAwsVpcID\":true,\"clusterName\":\"onyxquity-v3-pi\"}",
                  "version": "1.4.6"
                }
              ],
              "name": "ingress",
              "namespace": "default",
              "pass_credentials": false,
              "postrender": [],
              "recreate_pods": false,
              "render_subchart_notes": true,
              "replace": false,
              "repository": "https://aws.github.io/eks-charts",
              "repository_ca_file": null,
              "repository_cert_file": null,
              "repository_key_file": null,
              "repository_password": null,
              "repository_username": null,
              "reset_values": false,
              "reuse_values": false,
              "set": [
                {
                  "name": "autoDiscoverAwsRegion",
                  "type": "",
                  "value": "true"
                },
                {
                  "name": "autoDiscoverAwsVpcID",
                  "type": "",
                  "value": "true"
                },
                {
                  "name": "clusterName",
                  "type": "",
                  "value": "onyxquity-v3-pi"
                }
              ],
              "set_list": [],
              "set_sensitive": [],
              "skip_crds": false,
              "status": "deployed",
              "timeout": 300,
              "values": null,
              "verify": false,
              "version": "1.4.6",
              "wait": true,
              "wait_for_jobs": false
            },
            "sensitive_attributes": [],
            "private": "eyJzY2hlbWFfdmVyc2lvbiI6IjEifQ==",
            "dependencies": [
              "data.aws_availability_zones.available",
              "data.aws_eks_cluster.cluster",
              "data.aws_eks_cluster_auth.cluster",
              "module.eks.aws_cloudwatch_log_group.this",
              "module.eks.aws_eks_cluster.this",
              "module.eks.aws_iam_role.this",
              "module.eks.aws_iam_role_policy_attachment.this",
              "module.eks.aws_security_group.cluster",
              "module.eks.aws_security_group.node",
              "module.eks.aws_security_group_rule.cluster",
              "module.eks.aws_security_group_rule.node",
              "module.eks.data.aws_iam_policy_document.assume_role_policy",
              "module.eks.data.aws_partition.current",
              "module.eks.module.kms.aws_kms_external_key.this",
              "module.eks.module.kms.aws_kms_key.this",
              "module.vpc.aws_subnet.private",
              "module.vpc.aws_vpc.this",
              "module.vpc.aws_vpc_ipv4_cidr_block_association.this"
            ]
          }
        ]
      },
      {
        "mode": "managed",
        "type": "local_file",
        "name": "kubeconfig",
        "provider": "provider[\"registry.terraform.io/hashicorp/local\"]",
        "instances": [
          {
            "schema_version": 0,
            "attributes": {
              "content": "\"apiVersion\": \"v1\"\n\"clusters\":\n- \"cluster\":\n    \"certificate-authority-data\": \"LS0tLS1CRUdJTiBDRVJUSUZJQ0FURS0tLS0tCk1JSURCVENDQWUyZ0F3SUJBZ0lJU051L05IajRBcjB3RFFZSktvWklodmNOQVFFTEJRQXdGVEVUTUJFR0ExVUUKQXhNS2EzVmlaWEp1WlhSbGN6QWVGdzB5TXpBNU1qZ3dNVEk1TURWYUZ3MHpNekE1TWpVd01USTVNRFZhTUJVeApFekFSQmdOVkJBTVRDbXQxWW1WeWJtVjBaWE13Z2dFaU1BMEdDU3FHU0liM0RRRUJBUVVBQTRJQkR3QXdnZ0VLCkFvSUJBUUNudTI0NnlSVnBzMW5yUEg5N2lwZWhIR1ZaN2NKNCtlZzRIRVdkZVMwZFcxczQzdW92M1crNFk1NUUKNDU0R3dweGloZURWcStHRm9ubmVUNDVTc3BXMExHT0d6NzVvcHJzM1FRbHZJcXJVaGZDcHhxemJVS0NIY1JNawpBSmo0Z040MjFYdU9reHhJcFNuU1NORzZWTy9VdkJOOEtjNmRqclRyRWRWRThITTR5QW12bXR5Q3B3aW1ZWFBSCjdPZHYzYkY2ZEZqZVpkM3N6QWpMMkQxcDVnQVFiYi92cmMrdTRTbkpmVGx1RkpEekhXbDByekZDQWU1a3RXTEQKUUxUK01YeTR0M1dqSWtxWnlsbitIckNkZW1jcW1RQ2ViellRZ09rb1JlQVllR0pxMWRkOXRWWG9JSDYxWTBIcgozemg4RCtVTnNUTkV5MG5mZWZ6RVN2ckRaOTdkQWdNQkFBR2pXVEJYTUE0R0ExVWREd0VCL3dRRUF3SUNwREFQCkJnTlZIUk1CQWY4RUJUQURBUUgvTUIwR0ExVWREZ1FXQkJRTnNPVGV3cnFZUnlrWUNHdWdqa0hnWnZ2dFJEQVYKQmdOVkhSRUVEakFNZ2dwcmRXSmxjbTVsZEdWek1BMEdDU3FHU0liM0RRRUJDd1VBQTRJQkFRQTVZdlhmdG4xTwo0S0Q5S0loVGJ3OU5uZjZSSzllWTlXQ0R4cUxzZUI4SVZUcEhzU1V3MDUyVFRzUGdEMzhHRndHdGlPak5vbS9vCnNvRGFibXRQL2M3b3g2ODFEVUxMVW5iYXdmQ015RGhVMVc0UXVBWmkyQTJjMVNva0had3FDYzBEZEdmU3gwVlAKSUd0VmJEMUY4SExFblpmSGYxM1ZtbXVpYWJnclhydXdwUmFhQWdNS0tKWmF5NG9YRmpKSlpTWDF4LzNGUWl1VQpVMTJlU3VKeVYwTnJsaEpUK2lITDU2dit2RlJHNVVEaWNGb3dDV2VkMlcxMHZZaTdFdXB0U3hYWG9NMGp4TTNCCjFqN3ZFbGQwT2VYQmFJTEh1UGpSUmZsbUlQb2dwbDF4UWZNYmJXMzBEdUJhb2R3ZmoyOGU2RE9RMDVFZVZacmMKN1d5Ym10MDNVbEJNCi0tLS0tRU5EIENFUlRJRklDQVRFLS0tLS0K\"\n    \"server\": \"https://37BCFD0E639C0170640243B86CF6399D.gr7.us-east-1.eks.amazonaws.com\"\n  \"name\": \"eks-onyxquity-v3-pi\"\n\"contexts\":\n- \"context\":\n    \"cluster\": \"eks-onyxquity-v3-pi\"\n    \"user\": \"terraform\"\n  \"name\": \"terraform\"\n\"current-context\": \"terraform\"\n\"kind\": \"Config\"\n\"users\":\n- \"name\": \"terraform\"\n  \"user\":\n    \"token\": \"k8s-aws-v1.aHR0cHM6Ly9zdHMuYW1hem9uYXdzLmNvbS8_QWN0aW9uPUdldENhbGxlcklkZW50aXR5JlZlcnNpb249MjAxMS0wNi0xNSZYLUFtei1BbGdvcml0aG09QVdTNC1ITUFDLVNIQTI1NiZYLUFtei1DcmVkZW50aWFsPUFTSUFWRVZRVkdVREtEVENERTdWJTJGMjAyMzA5MjglMkZ1cy1lYXN0LTElMkZzdHMlMkZhd3M0X3JlcXVlc3QmWC1BbXotRGF0ZT0yMDIzMDkyOFQwMTM0NDZaJlgtQW16LUV4cGlyZXM9MCZYLUFtei1TZWN1cml0eS1Ub2tlbj1JUW9KYjNKcFoybHVYMlZqRUtMJTJGJTJGJTJGJTJGJTJGJTJGJTJGJTJGJTJGJTJGd0VhQ1hWekxXVmhjM1F0TVNKSU1FWUNJUUNOMzRqQ1FzWTZub3k4WjFkbmMlMkY0a0x4aCUyQjM1WmtzUkV3WnRJRW1UUVFIZ0loQUxHY3c5bkdsNUVTV0tZODN4eVZENW1PaDRUUU5pbjNUR0gzcCUyRndCUyUyQm16S3NVRkNKciUyRiUyRiUyRiUyRiUyRiUyRiUyRiUyRiUyRiUyRndFUUFCb01NelV6TmpNeE5UUTROamM0SWd6TlM3eUlUYlFDSERIblBvMHFtUVhBTlRXRHpocUZUbUppNkV0RFUlMkJXaHJoYndBYk1oSFkyJTJGcVlSSjlYQTJ0WHNKUVhEWmJVJTJCUU16V1AlMkZRcUhrJTJGdVdWeWx1emZOZ3J4MHB4c1BPQzZ6UzZZSVRGNGFoY3BYT2lOeXc1RFlYY2JhTFlYQXAlMkIzY1JYemNGenFyWHlvdEElMkJucGpES05ZUk9TJTJGbFluWUxDMVNkRFRKYmN4eDBHMyUyRmY3ckJSdUxLUWRzbnBiYUJnY2d6JTJCOHE4VXphUU12WWlSQnN6U0lVVUlMMnlzMnVxYWpSUmNoVjRMU0ZRTlBxOTE3R2hWMjdtRGU3c2hyd1VkQXBkZVFiU1R6JTJGR29LbzZHb2h6SksxNEhLRGx0Y1hZTENobnpQQjVBSjE0TDd5QUtvWWc3MjFaRkZaM0V1ZnZ5MHpRVkJvZllXaHFWSk5xb0MlMkJ3NWloVFpQQjhmMnUyVyUyQmR3NW94dkxtcnJJOExDcG1GNmVjRjVCTXFYdzNPamdDTHBGVHZDNUNuM3E4c1FKWGJaUURQa0REZkYxdndEeDJSb2NMSVBjNE1tcFV1R2RkMXJ2eDZTYm1CNjBKallaYlpvbjVPUkx3YjF2YkRvbTFXUzhaZEwlMkZxNzUzblhjeUw4cG5rcTAzNE8lMkZGdVAlMkJWTVNkUUNVJTJGQVduSmo3RWVMRUlLUnYlMkY0enJVSTNXUVlJSkhsODNOa1ljTHZtTktmM1pvQVdCdU9MTSUyRlNKNDJaaSUyQlp0JTJGYmNZOU43S3p2Y29zVFd0cFl1U0VYcnc4dVV1aGVWJTJCbDRIdVJXeXN0c3dvQzBWRkR0JTJGT3dnTk5PcmJvUXZqeTFXVDk4OGFMdXZUVndLdzIxRThVWkE4cHFONzFkJTJCM2c5QnBBeTV0bEgwVHZ1SlRKVW4lMkZpV1Z2UExxdE9SNERBbnZOY0d2aFlqUVluR2NCdG5rMW1rJTJGN3d2NXZXTDZkNyUyRk9MUEYlMkZoeFlmeTE1Y3ZhdGpwT1JycmM3MUNHaSUyQkhBQXNra1FzZHZEY1JaR1lFbTclMkYzSHpqZmRDaHg5R3lPZUFCNE1HUE5JQnE4WkVoJTJGT05Rckl2Nk81eEVQZDczZXkxemV2ZllwbkdUaTFJeU5xWk5CbWMyM25qUVQ0cnJDbEJoeDFqSXd5JTJCelFnJTJCZkRQTE11REwycFY1SzN6M0cwR2dxRGJtbFh6ckNMZnJ2WEJkakR4cDlPb0JqcXdBUmJpTGlJSiUyQm9mQnI3V0JWYUphTEVHdmhYcHFmYjRNSHJLMmtXd09DVkN4ejVDeGpkOXJha0dzWk1qTDlkUWVDME85d25aRXlLY1hBYXkwZGQlMkZkN2htZTJSY3FUS0Z2S2ZqMW5vam1YUmdIQlVZamlhY1lQZkNVTVAwRFFUMExON2tLUVZPWVdZQ1AyZTZnWEYzZWZjWW05VjFkZlg1SldMOTFScnc5bkNXd2ViamdmQUtRS2o5ZkV3a1hqU2txR2FqJTJCcnBVc0x4SmhsVCUyRkY2TVlDT2FySnR3eU5GUlJkWWElMkZIejBmTUUyYWcmWC1BbXotU2lnbmVkSGVhZGVycz1ob3N0JTNCeC1rOHMtYXdzLWlkJlgtQW16LVNpZ25hdHVyZT04MTM5MDM3NDE4NDdlNDZmODA5Y2U0NDIwYjcyNjAwNTJlMmYxNTRkNzIyMzdjZGIyODg3YmRkNTBjODcyZTYw\"\n",
              "content_base64": null,
              "content_base64sha256": "dBLOLDsM0Hk4lcVRgSIB2raNMNMwnVFrOK3M5ORX3bo=",
              "content_base64sha512": "i4AlPswveJpilfz43Kfosk1t910NKAgpJBoDxXPhb12GZZoTaS4xYgNPhqBWkyH8lv8CuzSo2TUmW8a1U3BkOQ==",
              "content_md5": "160310b74539edc2a4a34376a5fa9daa",
              "content_sha1": "2eb19794dc8d0bdceee2953c6bb1f0b6af98db4f",
              "content_sha256": "7412ce2c3b0cd0793895c551812201dab68d30d3309d516b38adcce4e457ddba",
              "content_sha512": "8b80253ecc2f789a6295fcf8dca7e8b24d6df75d0d280829241a03c573e16f5d86659a13692e3162034f86a0569321fc96ff02bb34a8d935265bc6b553706439",
              "directory_permission": "0777",
              "file_permission": "0777",
              "filename": "kubeconfig_onyxquity-v3-pi",
              "id": "2eb19794dc8d0bdceee2953c6bb1f0b6af98db4f",
              "sensitive_content": null,
              "source": null
            },
            "sensitive_attributes": [
              [
                {
                  "type": "get_attr",
                  "value": "content"
                }
              ]
            ],
            "dependencies": [
              "data.aws_availability_zones.available",
              "data.aws_eks_cluster.cluster",
              "data.aws_eks_cluster_auth.cluster",
              "module.eks-kubeconfig.data.aws_eks_cluster.this",
              "module.eks-kubeconfig.data.aws_eks_cluster_auth.ephemeral",
              "module.eks.aws_cloudwatch_log_group.this",
              "module.eks.aws_ec2_tag.cluster_primary_security_group",
              "module.eks.aws_eks_addon.this",
              "module.eks.aws_eks_cluster.this",
              "module.eks.aws_eks_identity_provider_config.this",
              "module.eks.aws_iam_openid_connect_provider.oidc_provider",
              "module.eks.aws_iam_policy.cluster_encryption",
              "module.eks.aws_iam_policy.cni_ipv6_policy",
              "module.eks.aws_iam_role.this",
              "module.eks.aws_iam_role_policy_attachment.cluster_encryption",
              "module.eks.aws_iam_role_policy_attachment.this",
              "module.eks.aws_security_group.cluster",
              "module.eks.aws_security_group.node",
              "module.eks.aws_security_group_rule.cluster",
              "module.eks.aws_security_group_rule.node",
              "module.eks.data.aws_caller_identity.current",
              "module.eks.data.aws_default_tags.current",
              "module.eks.data.aws_iam_policy_document.assume_role_policy",
              "module.eks.data.aws_iam_policy_document.cni_ipv6_policy",
              "module.eks.data.aws_partition.current",
              "module.eks.data.tls_certificate.this",
              "module.eks.kubernetes_config_map.aws_auth",
              "module.eks.kubernetes_config_map_v1_data.aws_auth",
              "module.eks.module.eks_managed_node_group.aws_eks_node_group.this",
              "module.eks.module.eks_managed_node_group.aws_iam_role.this",
              "module.eks.module.eks_managed_node_group.aws_iam_role_policy_attachment.this",
              "module.eks.module.eks_managed_node_group.aws_launch_template.this",
              "module.eks.module.eks_managed_node_group.aws_security_group.this",
              "module.eks.module.eks_managed_node_group.aws_security_group_rule.this",
              "module.eks.module.eks_managed_node_group.data.aws_caller_identity.current",
              "module.eks.module.eks_managed_node_group.data.aws_iam_policy_document.assume_role_policy",
              "module.eks.module.eks_managed_node_group.data.aws_partition.current",
              "module.eks.module.eks_managed_node_group.module.user_data.data.cloudinit_config.linux_eks_managed_node_group",
              "module.eks.module.fargate_profile.aws_eks_fargate_profile.this",
              "module.eks.module.fargate_profile.aws_iam_role.this",
              "module.eks.module.fargate_profile.aws_iam_role_policy_attachment.this",
              "module.eks.module.fargate_profile.data.aws_caller_identity.current",
              "module.eks.module.fargate_profile.data.aws_iam_policy_document.assume_role_policy",
              "module.eks.module.fargate_profile.data.aws_partition.current",
              "module.eks.module.kms.aws_kms_alias.this",
              "module.eks.module.kms.aws_kms_external_key.this",
              "module.eks.module.kms.aws_kms_grant.this",
              "module.eks.module.kms.aws_kms_key.this",
              "module.eks.module.kms.data.aws_caller_identity.current",
              "module.eks.module.kms.data.aws_iam_policy_document.this",
              "module.eks.module.kms.data.aws_partition.current",
              "module.eks.module.self_managed_node_group.aws_autoscaling_group.this",
              "module.eks.module.self_managed_node_group.aws_autoscaling_schedule.this",
              "module.eks.module.self_managed_node_group.aws_iam_instance_profile.this",
              "module.eks.module.self_managed_node_group.aws_iam_role.this",
              "module.eks.module.self_managed_node_group.aws_iam_role_policy_attachment.this",
              "module.eks.module.self_managed_node_group.aws_launch_template.this",
              "module.eks.module.self_managed_node_group.aws_security_group.this",
              "module.eks.module.self_managed_node_group.aws_security_group_rule.this",
              "module.eks.module.self_managed_node_group.data.aws_ami.eks_default",
              "module.eks.module.self_managed_node_group.data.aws_caller_identity.current",
              "module.eks.module.self_managed_node_group.data.aws_default_tags.current",
              "module.eks.module.self_managed_node_group.data.aws_iam_policy_document.assume_role_policy",
              "module.eks.module.self_managed_node_group.data.aws_partition.current",
              "module.eks.module.self_managed_node_group.module.user_data.data.cloudinit_config.linux_eks_managed_node_group",
              "module.vpc.aws_subnet.private",
              "module.vpc.aws_vpc.this",
              "module.vpc.aws_vpc_ipv4_cidr_block_association.this"
            ]
          }
        ]
      },
      {
        "module": "module.eks",
        "mode": "data",
        "type": "aws_caller_identity",
        "name": "current",
        "provider": "provider[\"registry.terraform.io/hashicorp/aws\"]",
        "instances": [
          {
            "schema_version": 0,
            "attributes": {
              "account_id": "353631548678",
              "arn": "arn:aws:sts::353631548678:assumed-role/jenkins-acces/i-072b6e58c07e26bf7",
              "id": "353631548678",
              "user_id": "AROAVEVQVGUDJ7NXPIZSM:i-072b6e58c07e26bf7"
            },
            "sensitive_attributes": []
          }
        ]
      },
      {
        "module": "module.eks",
        "mode": "data",
        "type": "aws_default_tags",
        "name": "current",
        "provider": "provider[\"registry.terraform.io/hashicorp/aws\"]",
        "instances": [
          {
            "schema_version": 0,
            "attributes": {
              "id": "aws",
              "tags": {}
            },
            "sensitive_attributes": []
          }
        ]
      },
      {
        "module": "module.eks",
        "mode": "data",
        "type": "aws_iam_policy_document",
        "name": "assume_role_policy",
        "provider": "provider[\"registry.terraform.io/hashicorp/aws\"]",
        "instances": [
          {
            "index_key": 0,
            "schema_version": 0,
            "attributes": {
              "id": "2764486067",
              "json": "{\n  \"Version\": \"2012-10-17\",\n  \"Statement\": [\n    {\n      \"Sid\": \"EKSClusterAssumeRole\",\n      \"Effect\": \"Allow\",\n      \"Action\": \"sts:AssumeRole\",\n      \"Principal\": {\n        \"Service\": \"eks.amazonaws.com\"\n      }\n    }\n  ]\n}",
              "override_json": null,
              "override_policy_documents": null,
              "policy_id": null,
              "source_json": null,
              "source_policy_documents": null,
              "statement": [
                {
                  "actions": [
                    "sts:AssumeRole"
                  ],
                  "condition": [],
                  "effect": "Allow",
                  "not_actions": [],
                  "not_principals": [],
                  "not_resources": [],
                  "principals": [
                    {
                      "identifiers": [
                        "eks.amazonaws.com"
                      ],
                      "type": "Service"
                    }
                  ],
                  "resources": [],
                  "sid": "EKSClusterAssumeRole"
                }
              ],
              "version": "2012-10-17"
            },
            "sensitive_attributes": []
          }
        ]
      },
      {
        "module": "module.eks",
        "mode": "data",
        "type": "aws_partition",
        "name": "current",
        "provider": "provider[\"registry.terraform.io/hashicorp/aws\"]",
        "instances": [
          {
            "schema_version": 0,
            "attributes": {
              "dns_suffix": "amazonaws.com",
              "id": "aws",
              "partition": "aws",
              "reverse_dns_prefix": "com.amazonaws"
            },
            "sensitive_attributes": []
          }
        ]
      },
      {
        "module": "module.eks",
        "mode": "data",
        "type": "tls_certificate",
        "name": "this",
        "provider": "provider[\"registry.terraform.io/hashicorp/tls\"]",
        "instances": [
          {
            "index_key": 0,
            "schema_version": 0,
            "attributes": {
              "certificates": [
                {
                  "cert_pem": "-----BEGIN CERTIFICATE-----\nMIIEdTCCA12gAwIBAgIJAKcOSkw0grd/MA0GCSqGSIb3DQEBCwUAMGgxCzAJBgNV\nBAYTAlVTMSUwIwYDVQQKExxTdGFyZmllbGQgVGVjaG5vbG9naWVzLCBJbmMuMTIw\nMAYDVQQLEylTdGFyZmllbGQgQ2xhc3MgMiBDZXJ0aWZpY2F0aW9uIEF1dGhvcml0\neTAeFw0wOTA5MDIwMDAwMDBaFw0zNDA2MjgxNzM5MTZaMIGYMQswCQYDVQQGEwJV\nUzEQMA4GA1UECBMHQXJpem9uYTETMBEGA1UEBxMKU2NvdHRzZGFsZTElMCMGA1UE\nChMcU3RhcmZpZWxkIFRlY2hub2xvZ2llcywgSW5jLjE7MDkGA1UEAxMyU3RhcmZp\nZWxkIFNlcnZpY2VzIFJvb3QgQ2VydGlmaWNhdGUgQXV0aG9yaXR5IC0gRzIwggEi\nMA0GCSqGSIb3DQEBAQUAA4IBDwAwggEKAoIBAQDVDDrEKvlO4vW+GZdfjohTsR8/\ny8+fIBNtKTrID30892t2OGPZNmCom15cAICyL1l/9of5JUOG52kbUpqQ4XHj2C0N\nTm/2yEnZtvMaVq4rtnQU68/7JuMauh2WLmo7WJSJR1b/JaCTcFOD2oR0FMNnngRo\nOt+OQFodSk7PQ5E751bWAHDLUu57fa4657wx+UX2wmDPE1kCK4DMNEffud6QZW0C\nzyyRpqbn3oUYSXxmTqM6bam17jQuug0DuDPfR+uxa40l2ZvOgdFFRjKWcIfeAg5J\nQ4W2bHO7ZOphQazJ1FTfhy/HIrImzJ9ZVGif/L4qL8RVHHVAYBeFAlU5i38FAgMB\nAAGjgfAwge0wDwYDVR0TAQH/BAUwAwEB/zAOBgNVHQ8BAf8EBAMCAYYwHQYDVR0O\nBBYEFJxfAN+qAdcwKziIorhtSpzyEZGDMB8GA1UdIwQYMBaAFL9ft9HO3R+G9FtV\nrNzXEMIOqYjnME8GCCsGAQUFBwEBBEMwQTAcBggrBgEFBQcwAYYQaHR0cDovL28u\nc3MyLnVzLzAhBggrBgEFBQcwAoYVaHR0cDovL3guc3MyLnVzL3guY2VyMCYGA1Ud\nHwQfMB0wG6AZoBeGFWh0dHA6Ly9zLnNzMi51cy9yLmNybDARBgNVHSAECjAIMAYG\nBFUdIAAwDQYJKoZIhvcNAQELBQADggEBACMd44pXyn3pF3lM8R5V/cxTbj5HD9/G\nVfKyBDbtgB9TxF00KGu+x1X8Z+rLP3+QsjPNG1gQggL4+C/1E2DUBc7xgQjB3ad1\nl08YuW3e95ORCLp+QCztweq7dp4zBncdDQh/U90bZKuCJ/Fp1U1ervShw3WnWEQt\n8jxwmKy6abaVd38PMV4s/KCHOkdp8Hlf9BRUpJVeEXgSYCfOn8J3/yNTd126/+pZ\n59vPr5KW7ySaNRB6nJHGDn2Z9j8Z3/VyVOEVqQdZe4O/Ui5GjLIAZHYcSNPYeehu\nVsyuLAOQ1xk4meTKCRlb/weWsKh/NEnfVqn3sF/tM+2MR7cwA130A4w=\n-----END CERTIFICATE-----\n",
                  "is_ca": true,
                  "issuer": "OU=Starfield Class 2 Certification Authority,O=Starfield Technologies\\, Inc.,C=US",
                  "not_after": "2034-06-28T17:39:16Z",
                  "not_before": "2009-09-02T00:00:00Z",
                  "public_key_algorithm": "RSA",
                  "serial_number": "12037640545166866303",
                  "sha1_fingerprint": "9e99a48a9960b14926bb7f3b02e22da2b0ab7280",
                  "signature_algorithm": "SHA256-RSA",
                  "subject": "CN=Starfield Services Root Certificate Authority - G2,O=Starfield Technologies\\, Inc.,L=Scottsdale,ST=Arizona,C=US",
                  "version": 3
                },
                {
                  "cert_pem": "-----BEGIN CERTIFICATE-----\nMIIEkjCCA3qgAwIBAgITBn+USionzfP6wq4rAfkI7rnExjANBgkqhkiG9w0BAQsF\nADCBmDELMAkGA1UEBhMCVVMxEDAOBgNVBAgTB0FyaXpvbmExEzARBgNVBAcTClNj\nb3R0c2RhbGUxJTAjBgNVBAoTHFN0YXJmaWVsZCBUZWNobm9sb2dpZXMsIEluYy4x\nOzA5BgNVBAMTMlN0YXJmaWVsZCBTZXJ2aWNlcyBSb290IENlcnRpZmljYXRlIEF1\ndGhvcml0eSAtIEcyMB4XDTE1MDUyNTEyMDAwMFoXDTM3MTIzMTAxMDAwMFowOTEL\nMAkGA1UEBhMCVVMxDzANBgNVBAoTBkFtYXpvbjEZMBcGA1UEAxMQQW1hem9uIFJv\nb3QgQ0EgMTCCASIwDQYJKoZIhvcNAQEBBQADggEPADCCAQoCggEBALJ4gHHKeNXj\nca9HgFB0fW7Y14h29Jlo91ghYPl0hAEvrAIthtOgQ3pOsqTQNroBvo3bSMgHFzZM\n9O6II8c+6zf1tRn4SWiw3te5djgdYZ6k/oI2peVKVuRF4fn9tBb6dNqcmzU5L/qw\nIFAGbHrQgLKm+a/sRxmPUDgH3KKHOVj4utWp+UhnMJbulHheb4mjUcAwhmahRWa6\nVOujw5H5SNz/0egwLX0tdHA114gk957EWW67c4cX8jJGKLhD+rcdqsq08p8kDi1L\n93FcXmn/6pUCyziKrlA4b9v7LWIbxcceVOF34GfID5yHI9Y/QCB/IIDEgEw+OyQm\njgSubJrIqg0CAwEAAaOCATEwggEtMA8GA1UdEwEB/wQFMAMBAf8wDgYDVR0PAQH/\nBAQDAgGGMB0GA1UdDgQWBBSEGMyFNOy8DJSULghZnMeyEE4KCDAfBgNVHSMEGDAW\ngBScXwDfqgHXMCs4iKK4bUqc8hGRgzB4BggrBgEFBQcBAQRsMGowLgYIKwYBBQUH\nMAGGImh0dHA6Ly9vY3NwLnJvb3RnMi5hbWF6b250cnVzdC5jb20wOAYIKwYBBQUH\nMAKGLGh0dHA6Ly9jcnQucm9vdGcyLmFtYXpvbnRydXN0LmNvbS9yb290ZzIuY2Vy\nMD0GA1UdHwQ2MDQwMqAwoC6GLGh0dHA6Ly9jcmwucm9vdGcyLmFtYXpvbnRydXN0\nLmNvbS9yb290ZzIuY3JsMBEGA1UdIAQKMAgwBgYEVR0gADANBgkqhkiG9w0BAQsF\nAAOCAQEAYjdCXLwQtT6LLOkMm2xF4gcAevnFWAu5CIw+7bMlPLVvUOTNNWqnkzSW\nMiGpSESrnO09tKpzbeR/FoCJbM8oAxiDR3mjEH4wW6w7sGDgd9QIpuEdfF7Au/ma\neyKdpwAJfqxGF4PcnCZXmTA5YpaP7dreqsXMGz7KQ2hsVxa81Q4gLv7/wmpdLqBK\nbRRYh5TmOTFffHPLkIhqhBGWJ6bt2YFGpn6jcgAKUj6DiAdjd4lpFw85hdKrCEVN\n0FE6/V1dN2RMfjCyVSRCnTawXZwXgWHxyvkQAiSr6w10kY17RSlQOYiypok1JR4U\nakcjMS9cmvqtmg5iUaQqqcT5NJ0hGA==\n-----END CERTIFICATE-----\n",
                  "is_ca": true,
                  "issuer": "CN=Starfield Services Root Certificate Authority - G2,O=Starfield Technologies\\, Inc.,L=Scottsdale,ST=Arizona,C=US",
                  "not_after": "2037-12-31T01:00:00Z",
                  "not_before": "2015-05-25T12:00:00Z",
                  "public_key_algorithm": "RSA",
                  "serial_number": "144918191876577076464031512351042010504348870",
                  "sha1_fingerprint": "06b25927c42a721631c1efd9431e648fa62e1e39",
                  "signature_algorithm": "SHA256-RSA",
                  "subject": "CN=Amazon Root CA 1,O=Amazon,C=US",
                  "version": 3
                },
                {
                  "cert_pem": "-----BEGIN CERTIFICATE-----\nMIIEXjCCA0agAwIBAgITB3MSSkvL1E7HtTvq8ZSELToPoTANBgkqhkiG9w0BAQsF\nADA5MQswCQYDVQQGEwJVUzEPMA0GA1UEChMGQW1hem9uMRkwFwYDVQQDExBBbWF6\nb24gUm9vdCBDQSAxMB4XDTIyMDgyMzIyMjUzMFoXDTMwMDgyMzIyMjUzMFowPDEL\nMAkGA1UEBhMCVVMxDzANBgNVBAoTBkFtYXpvbjEcMBoGA1UEAxMTQW1hem9uIFJT\nQSAyMDQ4IE0wMjCCASIwDQYJKoZIhvcNAQEBBQADggEPADCCAQoCggEBALtDGMZa\nqHneKei1by6+pUPPLljTB143Si6VpEWPc6mSkFhZb/6qrkZyoHlQLbDYnI2D7hD0\nsdzEqfnuAjIsuXQLG3A8TvX6V3oFNBFVe8NlLJHvBseKY88saLwufxkZVwk74g4n\nWlNMXzla9Y5F3wwRHwMVH443xGz6UtGSZSqQ94eFx5X7Tlqt8whi8qCaKdZ5rNak\n+r9nUThOeClqFd4oXych//Rc7Y0eX1KNWHYSI1Nk31mYgiK3JvH063g+K9tHA63Z\neTgKgndlh+WI+zv7i44HepRZjA1FYwYZ9Vv/9UkC5Yz8/yU65fgjaE+wVHM4e/Yy\nC2osrPWE7gJ+dXMCAwEAAaOCAVowggFWMBIGA1UdEwEB/wQIMAYBAf8CAQAwDgYD\nVR0PAQH/BAQDAgGGMB0GA1UdJQQWMBQGCCsGAQUFBwMBBggrBgEFBQcDAjAdBgNV\nHQ4EFgQUwDFSzVpQw4J8dHHOy+mc+XrrguIwHwYDVR0jBBgwFoAUhBjMhTTsvAyU\nlC4IWZzHshBOCggwewYIKwYBBQUHAQEEbzBtMC8GCCsGAQUFBzABhiNodHRwOi8v\nb2NzcC5yb290Y2ExLmFtYXpvbnRydXN0LmNvbTA6BggrBgEFBQcwAoYuaHR0cDov\nL2NydC5yb290Y2ExLmFtYXpvbnRydXN0LmNvbS9yb290Y2ExLmNlcjA/BgNVHR8E\nODA2MDSgMqAwhi5odHRwOi8vY3JsLnJvb3RjYTEuYW1hem9udHJ1c3QuY29tL3Jv\nb3RjYTEuY3JsMBMGA1UdIAQMMAowCAYGZ4EMAQIBMA0GCSqGSIb3DQEBCwUAA4IB\nAQAtTi6Fs0Azfi+iwm7jrz+CSxHH+uHl7Law3MQSXVtR8RV53PtR6r/6gNpqlzdo\nZq4FKbADi1v9Bun8RY8D51uedRfjsbeodizeBB8nXmeyD33Ep7VATj4ozcd31YFV\nfgRhvTSxNrrTlNpWkUk0m3BMPv8sg381HhA6uEYokE5q9uws/3YkKqRiEz3TsaWm\nJqIRZhMbgAfp7O7FUwFIb7UIspogZSKxPIWJpxiPo3TcBambbVtQOcNRWz5qCQdD\nslI2yayq0n2TXoHyNCLEH8rpsJRVILFsg0jc7BaFrMnF462+ajSehgj12IidNeRN\n4zl+EoNaWdpnWndvSpAEkq2P\n-----END CERTIFICATE-----\n",
                  "is_ca": true,
                  "issuer": "CN=Amazon Root CA 1,O=Amazon,C=US",
                  "not_after": "2030-08-23T22:25:30Z",
                  "not_before": "2022-08-23T22:25:30Z",
                  "public_key_algorithm": "RSA",
                  "serial_number": "166129353110899469622597955040406457904926625",
                  "sha1_fingerprint": "414a2060b738c635cc7fc243e052615592830c53",
                  "signature_algorithm": "SHA256-RSA",
                  "subject": "CN=Amazon RSA 2048 M02,O=Amazon,C=US",
                  "version": 3
                },
                {
                  "cert_pem": "-----BEGIN CERTIFICATE-----\nMIIF7DCCBNSgAwIBAgIQByOkjeOvl//8xMrhlZkruzANBgkqhkiG9w0BAQsFADA8\nMQswCQYDVQQGEwJVUzEPMA0GA1UEChMGQW1hem9uMRwwGgYDVQQDExNBbWF6b24g\nUlNBIDIwNDggTTAyMB4XDTIzMDUxMzAwMDAwMFoXDTI0MDYxMDIzNTk1OVowKzEp\nMCcGA1UEAxMgb2lkYy5la3MudXMtZWFzdC0xLmFtYXpvbmF3cy5jb20wggEiMA0G\nCSqGSIb3DQEBAQUAA4IBDwAwggEKAoIBAQClT+mO1HZk/Gp/3sS6BO8QDhG0yK53\nE11wkdlUn9HEomcqZ2VVhbEG4ahOZY5MLUqIQViMswUueYFov57zyGnPSnH0IrMu\nmL3/dqxEwP96VPm5ZgbjCfartRfJcuYmmMCoWxocMdTq09ECEjawt47i4FmOLJmH\n+UUnisQgHMvPHtCrfL1WYAgdN3ls4meIFkS1CVHLmoCG9MuponJu3+uqw9UHxPZz\nvGLezHUUSzLE0+b+1Wd6DAPJBZmCa+PBweaRfrlqhhgW+QHcCK7XxlfwMxvzwmdv\nicOBHF7SJM/o3opUvrUf/XJCtCDHuv0GQNxyCcpJImQJ4Ae0MtEihY/rAgMBAAGj\nggL5MIIC9TAfBgNVHSMEGDAWgBTAMVLNWlDDgnx0cc7L6Zz5euuC4jAdBgNVHQ4E\nFgQUeamiamg4o8YroTJziJnlxHJnDdEwKwYDVR0RBCQwIoIgb2lkYy5la3MudXMt\nZWFzdC0xLmFtYXpvbmF3cy5jb20wDgYDVR0PAQH/BAQDAgWgMB0GA1UdJQQWMBQG\nCCsGAQUFBwMBBggrBgEFBQcDAjA7BgNVHR8ENDAyMDCgLqAshipodHRwOi8vY3Js\nLnIybTAyLmFtYXpvbnRydXN0LmNvbS9yMm0wMi5jcmwwEwYDVR0gBAwwCjAIBgZn\ngQwBAgEwdQYIKwYBBQUHAQEEaTBnMC0GCCsGAQUFBzABhiFodHRwOi8vb2NzcC5y\nMm0wMi5hbWF6b250cnVzdC5jb20wNgYIKwYBBQUHMAKGKmh0dHA6Ly9jcnQucjJt\nMDIuYW1hem9udHJ1c3QuY29tL3IybTAyLmNlcjAMBgNVHRMBAf8EAjAAMIIBfgYK\nKwYBBAHWeQIEAgSCAW4EggFqAWgAdgDuzdBk1dsazsVct520zROiModGfLzs3sNR\nSFlGcR+1mwAAAYgTgMKgAAAEAwBHMEUCIHtTzRueHJdgA2Wq32YkXNXRJ1ZRD2uC\nQCn025Jin2hCAiEAlV/lCQaMq1JoBRlULDV7n9f/VS8+xyJSVgMFRFwFtzsAdgBI\nsONr2qZHNA/lagL6nTDrHFIBy1bdLIHZu7+rOdiEcwAAAYgTgMLXAAAEAwBHMEUC\nIAKsJE1jj4gpyaa2VgkbHFszMoco2rABil1iy2YvVzmTAiEAsuzpO1atz7WIx1CM\nMU9iMqq58yDpLhjQFktRuWamDlsAdgDatr9rP7W2Ip+bwrtca+hwkXFsu1GEhTS9\npD0wSNf7qwAAAYgTgMKjAAAEAwBHMEUCIHuwITeM92ncsbOvXgXPQjLHDLgReknJ\nTUoo4uIlPetJAiEApQ3W+NHlj6/RhckoAxGn4zE1alq+Y3Bk3JUFAvDrR78wDQYJ\nKoZIhvcNAQELBQADggEBAFNUUzuzuuDQMUvefHzllQPg/zbGNeDRZeOomSl1FrxS\nFJ0CA2vznfoTXAJLS2/aWlQT9mR3h6WlxI5XSUaLrzcZi94F+l6Ixn8DJUhfgf+O\nZUxtmBX91AEQ1ccU+Odj2ILrWdSs28J82ODoPlkJ6OqIYo+kEXrUwy8SM2N9iFJw\nHgZNOwzPQ2Ox/ozlRh6/6OUgYZ84j343BoDnNbTQijLBe6HL4pVw4nPKWrUQnTot\nxMymAcBknnb4X4TcmEoJ0CrB1H6FKfe8yASCLjwSC72Os9ADyADMZqTUSOH1V8Vh\nR3Zv4DlLItu8BHaE59teueLM9AW1PBFMci5JiYrgLEM=\n-----END CERTIFICATE-----\n",
                  "is_ca": false,
                  "issuer": "CN=Amazon RSA 2048 M02,O=Amazon,C=US",
                  "not_after": "2024-06-10T23:59:59Z",
                  "not_before": "2023-05-13T00:00:00Z",
                  "public_key_algorithm": "RSA",
                  "serial_number": "9489663917354420509896793514074254267",
                  "sha1_fingerprint": "aaa68bb211d468db8a8a19561ccba2e4043dcc80",
                  "signature_algorithm": "SHA256-RSA",
                  "subject": "CN=oidc.eks.us-east-1.amazonaws.com",
                  "version": 3
                }
              ],
              "content": null,
              "id": "5933588ce34e24e9fb40c3565fb0b5993639df67",
              "url": "https://oidc.eks.us-east-1.amazonaws.com/id/37BCFD0E639C0170640243B86CF6399D",
              "verify_chain": true
            },
            "sensitive_attributes": []
          }
        ]
      },
      {
        "module": "module.eks",
        "mode": "managed",
        "type": "aws_cloudwatch_log_group",
        "name": "this",
        "provider": "provider[\"registry.terraform.io/hashicorp/aws\"]",
        "instances": [
          {
            "index_key": 0,
            "schema_version": 0,
            "attributes": {
              "arn": "arn:aws:logs:us-east-1:353631548678:log-group:/aws/eks/eks-onyxquity-v3-pi/cluster",
              "id": "/aws/eks/eks-onyxquity-v3-pi/cluster",
              "kms_key_id": "",
              "name": "/aws/eks/eks-onyxquity-v3-pi/cluster",
              "name_prefix": "",
              "retention_in_days": 90,
              "skip_destroy": false,
              "tags": null,
              "tags_all": {}
            },
            "sensitive_attributes": [],
            "private": "bnVsbA==",
            "create_before_destroy": true
          }
        ]
      },
      {
        "module": "module.eks",
        "mode": "managed",
        "type": "aws_eks_cluster",
        "name": "this",
        "provider": "provider[\"registry.terraform.io/hashicorp/aws\"]",
        "instances": [
          {
            "index_key": 0,
            "schema_version": 0,
            "attributes": {
              "arn": "arn:aws:eks:us-east-1:353631548678:cluster/eks-onyxquity-v3-pi",
              "certificate_authority": [
                {
                  "data": "LS0tLS1CRUdJTiBDRVJUSUZJQ0FURS0tLS0tCk1JSURCVENDQWUyZ0F3SUJBZ0lJU051L05IajRBcjB3RFFZSktvWklodmNOQVFFTEJRQXdGVEVUTUJFR0ExVUUKQXhNS2EzVmlaWEp1WlhSbGN6QWVGdzB5TXpBNU1qZ3dNVEk1TURWYUZ3MHpNekE1TWpVd01USTVNRFZhTUJVeApFekFSQmdOVkJBTVRDbXQxWW1WeWJtVjBaWE13Z2dFaU1BMEdDU3FHU0liM0RRRUJBUVVBQTRJQkR3QXdnZ0VLCkFvSUJBUUNudTI0NnlSVnBzMW5yUEg5N2lwZWhIR1ZaN2NKNCtlZzRIRVdkZVMwZFcxczQzdW92M1crNFk1NUUKNDU0R3dweGloZURWcStHRm9ubmVUNDVTc3BXMExHT0d6NzVvcHJzM1FRbHZJcXJVaGZDcHhxemJVS0NIY1JNawpBSmo0Z040MjFYdU9reHhJcFNuU1NORzZWTy9VdkJOOEtjNmRqclRyRWRWRThITTR5QW12bXR5Q3B3aW1ZWFBSCjdPZHYzYkY2ZEZqZVpkM3N6QWpMMkQxcDVnQVFiYi92cmMrdTRTbkpmVGx1RkpEekhXbDByekZDQWU1a3RXTEQKUUxUK01YeTR0M1dqSWtxWnlsbitIckNkZW1jcW1RQ2ViellRZ09rb1JlQVllR0pxMWRkOXRWWG9JSDYxWTBIcgozemg4RCtVTnNUTkV5MG5mZWZ6RVN2ckRaOTdkQWdNQkFBR2pXVEJYTUE0R0ExVWREd0VCL3dRRUF3SUNwREFQCkJnTlZIUk1CQWY4RUJUQURBUUgvTUIwR0ExVWREZ1FXQkJRTnNPVGV3cnFZUnlrWUNHdWdqa0hnWnZ2dFJEQVYKQmdOVkhSRUVEakFNZ2dwcmRXSmxjbTVsZEdWek1BMEdDU3FHU0liM0RRRUJDd1VBQTRJQkFRQTVZdlhmdG4xTwo0S0Q5S0loVGJ3OU5uZjZSSzllWTlXQ0R4cUxzZUI4SVZUcEhzU1V3MDUyVFRzUGdEMzhHRndHdGlPak5vbS9vCnNvRGFibXRQL2M3b3g2ODFEVUxMVW5iYXdmQ015RGhVMVc0UXVBWmkyQTJjMVNva0had3FDYzBEZEdmU3gwVlAKSUd0VmJEMUY4SExFblpmSGYxM1ZtbXVpYWJnclhydXdwUmFhQWdNS0tKWmF5NG9YRmpKSlpTWDF4LzNGUWl1VQpVMTJlU3VKeVYwTnJsaEpUK2lITDU2dit2RlJHNVVEaWNGb3dDV2VkMlcxMHZZaTdFdXB0U3hYWG9NMGp4TTNCCjFqN3ZFbGQwT2VYQmFJTEh1UGpSUmZsbUlQb2dwbDF4UWZNYmJXMzBEdUJhb2R3ZmoyOGU2RE9RMDVFZVZacmMKN1d5Ym10MDNVbEJNCi0tLS0tRU5EIENFUlRJRklDQVRFLS0tLS0K"
                }
              ],
              "cluster_id": null,
              "created_at": "2023-09-28 01:24:30.125 +0000 UTC",
              "enabled_cluster_log_types": [
                "api",
                "audit",
                "authenticator"
              ],
              "encryption_config": [],
              "endpoint": "https://37BCFD0E639C0170640243B86CF6399D.gr7.us-east-1.eks.amazonaws.com",
              "id": "eks-onyxquity-v3-pi",
              "identity": [
                {
                  "oidc": [
                    {
                      "issuer": "https://oidc.eks.us-east-1.amazonaws.com/id/37BCFD0E639C0170640243B86CF6399D"
                    }
                  ]
                }
              ],
              "kubernetes_network_config": [
                {
                  "ip_family": "ipv4",
                  "service_ipv4_cidr": "10.100.0.0/16",
                  "service_ipv6_cidr": ""
                }
              ],
              "name": "eks-onyxquity-v3-pi",
              "outpost_config": [],
              "platform_version": "eks.5",
              "role_arn": "arn:aws:iam::353631548678:role/eks-onyxquity-v3-pi-cluster-20230928012410923400000001",
              "status": "ACTIVE",
              "tags": null,
              "tags_all": {},
              "timeouts": {
                "create": null,
                "delete": null,
                "update": null
              },
              "version": "1.27",
              "vpc_config": [
                {
                  "cluster_security_group_id": "sg-02ad493483286ec61",
                  "endpoint_private_access": false,
                  "endpoint_public_access": true,
                  "public_access_cidrs": [
                    "0.0.0.0/0"
                  ],
                  "security_group_ids": [
                    "sg-0c39bec29e64f378f"
                  ],
                  "subnet_ids": [
                    "subnet-00304271b972ca69f",
                    "subnet-0995e097326f4d462",
                    "subnet-0c10e29da7584a883"
                  ],
                  "vpc_id": "vpc-053f00045424e1d9a"
                }
              ]
            },
            "sensitive_attributes": [],
            "private": "eyJlMmJmYjczMC1lY2FhLTExZTYtOGY4OC0zNDM2M2JjN2M0YzAiOnsiY3JlYXRlIjoxODAwMDAwMDAwMDAwLCJkZWxldGUiOjkwMDAwMDAwMDAwMCwidXBkYXRlIjozNjAwMDAwMDAwMDAwfX0=",
            "dependencies": [
              "data.aws_availability_zones.available",
              "module.eks.aws_cloudwatch_log_group.this",
              "module.eks.aws_iam_role.this",
              "module.eks.aws_iam_role_policy_attachment.this",
              "module.eks.aws_security_group.cluster",
              "module.eks.aws_security_group.node",
              "module.eks.aws_security_group_rule.cluster",
              "module.eks.aws_security_group_rule.node",
              "module.eks.data.aws_iam_policy_document.assume_role_policy",
              "module.eks.data.aws_partition.current",
              "module.eks.module.kms.aws_kms_external_key.this",
              "module.eks.module.kms.aws_kms_key.this",
              "module.vpc.aws_subnet.private",
              "module.vpc.aws_vpc.this",
              "module.vpc.aws_vpc_ipv4_cidr_block_association.this"
            ],
            "create_before_destroy": true
          }
        ]
      },
      {
        "module": "module.eks",
        "mode": "managed",
        "type": "aws_iam_openid_connect_provider",
        "name": "oidc_provider",
        "provider": "provider[\"registry.terraform.io/hashicorp/aws\"]",
        "instances": [
          {
            "index_key": 0,
            "schema_version": 0,
            "attributes": {
              "arn": "arn:aws:iam::353631548678:oidc-provider/oidc.eks.us-east-1.amazonaws.com/id/37BCFD0E639C0170640243B86CF6399D",
              "client_id_list": [
                "sts.amazonaws.com"
              ],
              "id": "arn:aws:iam::353631548678:oidc-provider/oidc.eks.us-east-1.amazonaws.com/id/37BCFD0E639C0170640243B86CF6399D",
              "tags": {
                "Name": "eks-onyxquity-v3-pi-eks-irsa"
              },
              "tags_all": {
                "Name": "eks-onyxquity-v3-pi-eks-irsa"
              },
              "thumbprint_list": [
                "9e99a48a9960b14926bb7f3b02e22da2b0ab7280"
              ],
              "url": "oidc.eks.us-east-1.amazonaws.com/id/37BCFD0E639C0170640243B86CF6399D"
            },
            "sensitive_attributes": [],
            "private": "bnVsbA==",
            "dependencies": [
              "data.aws_availability_zones.available",
              "module.eks.aws_cloudwatch_log_group.this",
              "module.eks.aws_eks_cluster.this",
              "module.eks.aws_iam_role.this",
              "module.eks.aws_iam_role_policy_attachment.this",
              "module.eks.aws_security_group.cluster",
              "module.eks.aws_security_group.node",
              "module.eks.aws_security_group_rule.cluster",
              "module.eks.aws_security_group_rule.node",
              "module.eks.data.aws_iam_policy_document.assume_role_policy",
              "module.eks.data.aws_partition.current",
              "module.eks.data.tls_certificate.this",
              "module.eks.module.kms.aws_kms_external_key.this",
              "module.eks.module.kms.aws_kms_key.this",
              "module.vpc.aws_subnet.private",
              "module.vpc.aws_vpc.this",
              "module.vpc.aws_vpc_ipv4_cidr_block_association.this"
            ]
          }
        ]
      },
      {
        "module": "module.eks",
        "mode": "managed",
        "type": "aws_iam_role",
        "name": "this",
        "provider": "provider[\"registry.terraform.io/hashicorp/aws\"]",
        "instances": [
          {
            "index_key": 0,
            "schema_version": 0,
            "attributes": {
              "arn": "arn:aws:iam::353631548678:role/eks-onyxquity-v3-pi-cluster-20230928012410923400000001",
              "assume_role_policy": "{\"Statement\":[{\"Action\":\"sts:AssumeRole\",\"Effect\":\"Allow\",\"Principal\":{\"Service\":\"eks.amazonaws.com\"},\"Sid\":\"EKSClusterAssumeRole\"}],\"Version\":\"2012-10-17\"}",
              "create_date": "2023-09-28T01:24:10Z",
              "description": "",
              "force_detach_policies": true,
              "id": "eks-onyxquity-v3-pi-cluster-20230928012410923400000001",
              "inline_policy": [
                {
                  "name": "eks-onyxquity-v3-pi-cluster",
                  "policy": "{\"Version\":\"2012-10-17\",\"Statement\":[{\"Action\":[\"logs:CreateLogGroup\"],\"Effect\":\"Deny\",\"Resource\":\"*\"}]}"
                }
              ],
              "managed_policy_arns": [],
              "max_session_duration": 3600,
              "name": "eks-onyxquity-v3-pi-cluster-20230928012410923400000001",
              "name_prefix": "eks-onyxquity-v3-pi-cluster-",
              "path": "/",
              "permissions_boundary": null,
              "role_last_used": [
                {
                  "last_used_date": "",
                  "region": ""
                }
              ],
              "tags": null,
              "tags_all": {},
              "unique_id": "AROAVEVQVGUDOXMRO5E46"
            },
            "sensitive_attributes": [],
            "private": "bnVsbA==",
            "dependencies": [
              "module.eks.data.aws_iam_policy_document.assume_role_policy"
            ],
            "create_before_destroy": true
          }
        ]
      },
      {
        "module": "module.eks",
        "mode": "managed",
        "type": "aws_iam_role_policy_attachment",
        "name": "this",
        "provider": "provider[\"registry.terraform.io/hashicorp/aws\"]",
        "instances": [
          {
            "index_key": "arn:aws:iam::aws:policy/AmazonEKSClusterPolicy",
            "schema_version": 0,
            "attributes": {
              "id": "eks-onyxquity-v3-pi-cluster-20230928012410923400000001-20230928012411273100000007",
              "policy_arn": "arn:aws:iam::aws:policy/AmazonEKSClusterPolicy",
              "role": "eks-onyxquity-v3-pi-cluster-20230928012410923400000001"
            },
            "sensitive_attributes": [],
            "private": "bnVsbA==",
            "dependencies": [
              "module.eks.aws_iam_role.this",
              "module.eks.data.aws_iam_policy_document.assume_role_policy",
              "module.eks.data.aws_partition.current"
            ],
            "create_before_destroy": true
          },
          {
            "index_key": "arn:aws:iam::aws:policy/AmazonEKSVPCResourceController",
            "schema_version": 0,
            "attributes": {
              "id": "eks-onyxquity-v3-pi-cluster-20230928012410923400000001-20230928012411246900000006",
              "policy_arn": "arn:aws:iam::aws:policy/AmazonEKSVPCResourceController",
              "role": "eks-onyxquity-v3-pi-cluster-20230928012410923400000001"
            },
            "sensitive_attributes": [],
            "private": "bnVsbA==",
            "dependencies": [
              "module.eks.aws_iam_role.this",
              "module.eks.data.aws_iam_policy_document.assume_role_policy",
              "module.eks.data.aws_partition.current"
            ],
            "create_before_destroy": true
          }
        ]
      },
      {
        "module": "module.eks",
        "mode": "managed",
        "type": "aws_security_group",
        "name": "cluster",
        "provider": "provider[\"registry.terraform.io/hashicorp/aws\"]",
        "instances": [
          {
            "index_key": 0,
            "schema_version": 1,
            "attributes": {
              "arn": "arn:aws:ec2:us-east-1:353631548678:security-group/sg-0c39bec29e64f378f",
              "description": "EKS cluster security group",
              "egress": [],
              "id": "sg-0c39bec29e64f378f",
              "ingress": [],
              "name": "eks-onyxquity-v3-pi-cluster-20230928012422230400000008",
              "name_prefix": "eks-onyxquity-v3-pi-cluster-",
              "owner_id": "353631548678",
              "revoke_rules_on_delete": false,
              "tags": {
                "Name": "eks-onyxquity-v3-pi-cluster"
              },
              "tags_all": {
                "Name": "eks-onyxquity-v3-pi-cluster"
              },
              "timeouts": null,
              "vpc_id": "vpc-053f00045424e1d9a"
            },
            "sensitive_attributes": [],
            "private": "eyJlMmJmYjczMC1lY2FhLTExZTYtOGY4OC0zNDM2M2JjN2M0YzAiOnsiY3JlYXRlIjo2MDAwMDAwMDAwMDAsImRlbGV0ZSI6OTAwMDAwMDAwMDAwfSwic2NoZW1hX3ZlcnNpb24iOiIxIn0=",
            "dependencies": [
              "module.vpc.aws_vpc.this"
            ],
            "create_before_destroy": true
          }
        ]
      },
      {
        "module": "module.eks",
        "mode": "managed",
        "type": "aws_security_group",
        "name": "node",
        "provider": "provider[\"registry.terraform.io/hashicorp/aws\"]",
        "instances": [
          {
            "index_key": 0,
            "schema_version": 1,
            "attributes": {
              "arn": "arn:aws:ec2:us-east-1:353631548678:security-group/sg-0923c4724d34a0d94",
              "description": "EKS node shared security group",
              "egress": [],
              "id": "sg-0923c4724d34a0d94",
              "ingress": [],
              "name": "eks-onyxquity-v3-pi-node-20230928012422232600000009",
              "name_prefix": "eks-onyxquity-v3-pi-node-",
              "owner_id": "353631548678",
              "revoke_rules_on_delete": false,
              "tags": {
                "Name": "eks-onyxquity-v3-pi-node",
                "kubernetes.io/cluster/eks-onyxquity-v3-pi": "owned"
              },
              "tags_all": {
                "Name": "eks-onyxquity-v3-pi-node",
                "kubernetes.io/cluster/eks-onyxquity-v3-pi": "owned"
              },
              "timeouts": null,
              "vpc_id": "vpc-053f00045424e1d9a"
            },
            "sensitive_attributes": [],
            "private": "eyJlMmJmYjczMC1lY2FhLTExZTYtOGY4OC0zNDM2M2JjN2M0YzAiOnsiY3JlYXRlIjo2MDAwMDAwMDAwMDAsImRlbGV0ZSI6OTAwMDAwMDAwMDAwfSwic2NoZW1hX3ZlcnNpb24iOiIxIn0=",
            "dependencies": [
              "module.vpc.aws_vpc.this"
            ],
            "create_before_destroy": true
          }
        ]
      },
      {
        "module": "module.eks",
        "mode": "managed",
        "type": "aws_security_group_rule",
        "name": "cluster",
        "provider": "provider[\"registry.terraform.io/hashicorp/aws\"]",
        "instances": [
          {
            "index_key": "egress_nodes_443",
            "schema_version": 2,
            "attributes": {
              "cidr_blocks": null,
              "description": "Cluster API to node groups",
              "from_port": 443,
              "id": "sgrule-1350183731",
              "ipv6_cidr_blocks": null,
              "prefix_list_ids": [],
              "protocol": "tcp",
              "security_group_id": "sg-0c39bec29e64f378f",
              "security_group_rule_id": "sgr-0aacf171654bbf930",
              "self": false,
              "source_security_group_id": "sg-0923c4724d34a0d94",
              "timeouts": null,
              "to_port": 443,
              "type": "egress"
            },
            "sensitive_attributes": [],
            "private": "eyJlMmJmYjczMC1lY2FhLTExZTYtOGY4OC0zNDM2M2JjN2M0YzAiOnsiY3JlYXRlIjozMDAwMDAwMDAwMDB9LCJzY2hlbWFfdmVyc2lvbiI6IjIifQ==",
            "dependencies": [
              "module.eks.aws_security_group.cluster",
              "module.eks.aws_security_group.node",
              "module.vpc.aws_vpc.this"
            ],
            "create_before_destroy": true
          },
          {
            "index_key": "egress_nodes_kubelet",
            "schema_version": 2,
            "attributes": {
              "cidr_blocks": null,
              "description": "Cluster API to node kubelets",
              "from_port": 10250,
              "id": "sgrule-4090311694",
              "ipv6_cidr_blocks": null,
              "prefix_list_ids": [],
              "protocol": "tcp",
              "security_group_id": "sg-0c39bec29e64f378f",
              "security_group_rule_id": "sgr-0c0eaeb32fe733236",
              "self": false,
              "source_security_group_id": "sg-0923c4724d34a0d94",
              "timeouts": null,
              "to_port": 10250,
              "type": "egress"
            },
            "sensitive_attributes": [],
            "private": "eyJlMmJmYjczMC1lY2FhLTExZTYtOGY4OC0zNDM2M2JjN2M0YzAiOnsiY3JlYXRlIjozMDAwMDAwMDAwMDB9LCJzY2hlbWFfdmVyc2lvbiI6IjIifQ==",
            "dependencies": [
              "module.eks.aws_security_group.cluster",
              "module.eks.aws_security_group.node",
              "module.vpc.aws_vpc.this"
            ],
            "create_before_destroy": true
          },
          {
            "index_key": "ingress_nodes_443",
            "schema_version": 2,
            "attributes": {
              "cidr_blocks": null,
              "description": "Node groups to cluster API",
              "from_port": 443,
              "id": "sgrule-4090226660",
              "ipv6_cidr_blocks": null,
              "prefix_list_ids": [],
              "protocol": "tcp",
              "security_group_id": "sg-0c39bec29e64f378f",
              "security_group_rule_id": "sgr-0bde99efb482a60c0",
              "self": false,
              "source_security_group_id": "sg-0923c4724d34a0d94",
              "timeouts": null,
              "to_port": 443,
              "type": "ingress"
            },
            "sensitive_attributes": [],
            "private": "eyJlMmJmYjczMC1lY2FhLTExZTYtOGY4OC0zNDM2M2JjN2M0YzAiOnsiY3JlYXRlIjozMDAwMDAwMDAwMDB9LCJzY2hlbWFfdmVyc2lvbiI6IjIifQ==",
            "dependencies": [
              "module.eks.aws_security_group.cluster",
              "module.eks.aws_security_group.node",
              "module.vpc.aws_vpc.this"
            ],
            "create_before_destroy": true
          }
        ]
      },
      {
        "module": "module.eks",
        "mode": "managed",
        "type": "aws_security_group_rule",
        "name": "node",
        "provider": "provider[\"registry.terraform.io/hashicorp/aws\"]",
        "instances": [
          {
            "index_key": "egress_cluster_443",
            "schema_version": 2,
            "attributes": {
              "cidr_blocks": null,
              "description": "Node groups to cluster API",
              "from_port": 443,
              "id": "sgrule-3786915685",
              "ipv6_cidr_blocks": null,
              "prefix_list_ids": [],
              "protocol": "tcp",
              "security_group_id": "sg-0923c4724d34a0d94",
              "security_group_rule_id": "sgr-0799d1293f004f43f",
              "self": false,
              "source_security_group_id": "sg-0c39bec29e64f378f",
              "timeouts": null,
              "to_port": 443,
              "type": "egress"
            },
            "sensitive_attributes": [],
            "private": "eyJlMmJmYjczMC1lY2FhLTExZTYtOGY4OC0zNDM2M2JjN2M0YzAiOnsiY3JlYXRlIjozMDAwMDAwMDAwMDB9LCJzY2hlbWFfdmVyc2lvbiI6IjIifQ==",
            "dependencies": [
              "module.eks.aws_security_group.cluster",
              "module.eks.aws_security_group.node",
              "module.vpc.aws_vpc.this"
            ],
            "create_before_destroy": true
          },
          {
            "index_key": "egress_https",
            "schema_version": 2,
            "attributes": {
              "cidr_blocks": [
                "0.0.0.0/0"
              ],
              "description": "Egress all HTTPS to internet",
              "from_port": 443,
              "id": "sgrule-3298513400",
              "ipv6_cidr_blocks": null,
              "prefix_list_ids": [],
              "protocol": "tcp",
              "security_group_id": "sg-0923c4724d34a0d94",
              "security_group_rule_id": "sgr-0703add203d05faa6",
              "self": false,
              "source_security_group_id": null,
              "timeouts": null,
              "to_port": 443,
              "type": "egress"
            },
            "sensitive_attributes": [],
            "private": "eyJlMmJmYjczMC1lY2FhLTExZTYtOGY4OC0zNDM2M2JjN2M0YzAiOnsiY3JlYXRlIjozMDAwMDAwMDAwMDB9LCJzY2hlbWFfdmVyc2lvbiI6IjIifQ==",
            "dependencies": [
              "module.eks.aws_security_group.cluster",
              "module.eks.aws_security_group.node",
              "module.vpc.aws_vpc.this"
            ],
            "create_before_destroy": true
          },
          {
            "index_key": "egress_ntp_tcp",
            "schema_version": 2,
            "attributes": {
              "cidr_blocks": [
                "0.0.0.0/0"
              ],
              "description": "Egress NTP/TCP to internet",
              "from_port": 123,
              "id": "sgrule-457534694",
              "ipv6_cidr_blocks": null,
              "prefix_list_ids": [],
              "protocol": "tcp",
              "security_group_id": "sg-0923c4724d34a0d94",
              "security_group_rule_id": "sgr-0c070274efa81403e",
              "self": false,
              "source_security_group_id": null,
              "timeouts": null,
              "to_port": 123,
              "type": "egress"
            },
            "sensitive_attributes": [],
            "private": "eyJlMmJmYjczMC1lY2FhLTExZTYtOGY4OC0zNDM2M2JjN2M0YzAiOnsiY3JlYXRlIjozMDAwMDAwMDAwMDB9LCJzY2hlbWFfdmVyc2lvbiI6IjIifQ==",
            "dependencies": [
              "module.eks.aws_security_group.cluster",
              "module.eks.aws_security_group.node",
              "module.vpc.aws_vpc.this"
            ],
            "create_before_destroy": true
          },
          {
            "index_key": "egress_ntp_udp",
            "schema_version": 2,
            "attributes": {
              "cidr_blocks": [
                "0.0.0.0/0"
              ],
              "description": "Egress NTP/UDP to internet",
              "from_port": 123,
              "id": "sgrule-1708870123",
              "ipv6_cidr_blocks": null,
              "prefix_list_ids": [],
              "protocol": "udp",
              "security_group_id": "sg-0923c4724d34a0d94",
              "security_group_rule_id": "sgr-0dc91cdb75cf763a2",
              "self": false,
              "source_security_group_id": null,
              "timeouts": null,
              "to_port": 123,
              "type": "egress"
            },
            "sensitive_attributes": [],
            "private": "eyJlMmJmYjczMC1lY2FhLTExZTYtOGY4OC0zNDM2M2JjN2M0YzAiOnsiY3JlYXRlIjozMDAwMDAwMDAwMDB9LCJzY2hlbWFfdmVyc2lvbiI6IjIifQ==",
            "dependencies": [
              "module.eks.aws_security_group.cluster",
              "module.eks.aws_security_group.node",
              "module.vpc.aws_vpc.this"
            ],
            "create_before_destroy": true
          },
          {
            "index_key": "egress_self_coredns_tcp",
            "schema_version": 2,
            "attributes": {
              "cidr_blocks": null,
              "description": "Node to node CoreDNS",
              "from_port": 53,
              "id": "sgrule-704395776",
              "ipv6_cidr_blocks": null,
              "prefix_list_ids": [],
              "protocol": "tcp",
              "security_group_id": "sg-0923c4724d34a0d94",
              "security_group_rule_id": "sgr-0112ea6c181975d98",
              "self": true,
              "source_security_group_id": null,
              "timeouts": null,
              "to_port": 53,
              "type": "egress"
            },
            "sensitive_attributes": [],
            "private": "eyJlMmJmYjczMC1lY2FhLTExZTYtOGY4OC0zNDM2M2JjN2M0YzAiOnsiY3JlYXRlIjozMDAwMDAwMDAwMDB9LCJzY2hlbWFfdmVyc2lvbiI6IjIifQ==",
            "dependencies": [
              "module.eks.aws_security_group.cluster",
              "module.eks.aws_security_group.node",
              "module.vpc.aws_vpc.this"
            ],
            "create_before_destroy": true
          },
          {
            "index_key": "egress_self_coredns_udp",
            "schema_version": 2,
            "attributes": {
              "cidr_blocks": null,
              "description": "Node to node CoreDNS",
              "from_port": 53,
              "id": "sgrule-2812000358",
              "ipv6_cidr_blocks": null,
              "prefix_list_ids": [],
              "protocol": "udp",
              "security_group_id": "sg-0923c4724d34a0d94",
              "security_group_rule_id": "sgr-00233a6fde1b725c9",
              "self": true,
              "source_security_group_id": null,
              "timeouts": null,
              "to_port": 53,
              "type": "egress"
            },
            "sensitive_attributes": [],
            "private": "eyJlMmJmYjczMC1lY2FhLTExZTYtOGY4OC0zNDM2M2JjN2M0YzAiOnsiY3JlYXRlIjozMDAwMDAwMDAwMDB9LCJzY2hlbWFfdmVyc2lvbiI6IjIifQ==",
            "dependencies": [
              "module.eks.aws_security_group.cluster",
              "module.eks.aws_security_group.node",
              "module.vpc.aws_vpc.this"
            ],
            "create_before_destroy": true
          },
          {
            "index_key": "ingress_cluster_443",
            "schema_version": 2,
            "attributes": {
              "cidr_blocks": null,
              "description": "Cluster API to node groups",
              "from_port": 443,
              "id": "sgrule-3323080758",
              "ipv6_cidr_blocks": null,
              "prefix_list_ids": [],
              "protocol": "tcp",
              "security_group_id": "sg-0923c4724d34a0d94",
              "security_group_rule_id": "sgr-00cc86ee35b9a9537",
              "self": false,
              "source_security_group_id": "sg-0c39bec29e64f378f",
              "timeouts": null,
              "to_port": 443,
              "type": "ingress"
            },
            "sensitive_attributes": [],
            "private": "eyJlMmJmYjczMC1lY2FhLTExZTYtOGY4OC0zNDM2M2JjN2M0YzAiOnsiY3JlYXRlIjozMDAwMDAwMDAwMDB9LCJzY2hlbWFfdmVyc2lvbiI6IjIifQ==",
            "dependencies": [
              "module.eks.aws_security_group.cluster",
              "module.eks.aws_security_group.node",
              "module.vpc.aws_vpc.this"
            ],
            "create_before_destroy": true
          },
          {
            "index_key": "ingress_cluster_kubelet",
            "schema_version": 2,
            "attributes": {
              "cidr_blocks": null,
              "description": "Cluster API to node kubelets",
              "from_port": 10250,
              "id": "sgrule-933013705",
              "ipv6_cidr_blocks": null,
              "prefix_list_ids": [],
              "protocol": "tcp",
              "security_group_id": "sg-0923c4724d34a0d94",
              "security_group_rule_id": "sgr-0e08ef943dcf3b34d",
              "self": false,
              "source_security_group_id": "sg-0c39bec29e64f378f",
              "timeouts": null,
              "to_port": 10250,
              "type": "ingress"
            },
            "sensitive_attributes": [],
            "private": "eyJlMmJmYjczMC1lY2FhLTExZTYtOGY4OC0zNDM2M2JjN2M0YzAiOnsiY3JlYXRlIjozMDAwMDAwMDAwMDB9LCJzY2hlbWFfdmVyc2lvbiI6IjIifQ==",
            "dependencies": [
              "module.eks.aws_security_group.cluster",
              "module.eks.aws_security_group.node",
              "module.vpc.aws_vpc.this"
            ],
            "create_before_destroy": true
          },
          {
            "index_key": "ingress_self_coredns_tcp",
            "schema_version": 2,
            "attributes": {
              "cidr_blocks": null,
              "description": "Node to node CoreDNS",
              "from_port": 53,
              "id": "sgrule-1281491171",
              "ipv6_cidr_blocks": null,
              "prefix_list_ids": [],
              "protocol": "tcp",
              "security_group_id": "sg-0923c4724d34a0d94",
              "security_group_rule_id": "sgr-021e1d68cb9d633a5",
              "self": true,
              "source_security_group_id": null,
              "timeouts": null,
              "to_port": 53,
              "type": "ingress"
            },
            "sensitive_attributes": [],
            "private": "eyJlMmJmYjczMC1lY2FhLTExZTYtOGY4OC0zNDM2M2JjN2M0YzAiOnsiY3JlYXRlIjozMDAwMDAwMDAwMDB9LCJzY2hlbWFfdmVyc2lvbiI6IjIifQ==",
            "dependencies": [
              "module.eks.aws_security_group.cluster",
              "module.eks.aws_security_group.node",
              "module.vpc.aws_vpc.this"
            ],
            "create_before_destroy": true
          },
          {
            "index_key": "ingress_self_coredns_udp",
            "schema_version": 2,
            "attributes": {
              "cidr_blocks": null,
              "description": "Node to node CoreDNS",
              "from_port": 53,
              "id": "sgrule-3896353548",
              "ipv6_cidr_blocks": null,
              "prefix_list_ids": [],
              "protocol": "udp",
              "security_group_id": "sg-0923c4724d34a0d94",
              "security_group_rule_id": "sgr-09e8fb19352a4130d",
              "self": true,
              "source_security_group_id": null,
              "timeouts": null,
              "to_port": 53,
              "type": "ingress"
            },
            "sensitive_attributes": [],
            "private": "eyJlMmJmYjczMC1lY2FhLTExZTYtOGY4OC0zNDM2M2JjN2M0YzAiOnsiY3JlYXRlIjozMDAwMDAwMDAwMDB9LCJzY2hlbWFfdmVyc2lvbiI6IjIifQ==",
            "dependencies": [
              "module.eks.aws_security_group.cluster",
              "module.eks.aws_security_group.node",
              "module.vpc.aws_vpc.this"
            ],
            "create_before_destroy": true
          }
        ]
      },
      {
        "module": "module.eks-kubeconfig",
        "mode": "data",
        "type": "aws_eks_cluster",
        "name": "this",
        "provider": "provider[\"registry.terraform.io/hashicorp/aws\"]",
        "instances": [
          {
            "schema_version": 0,
            "attributes": {
              "arn": "arn:aws:eks:us-east-1:353631548678:cluster/eks-onyxquity-v3-pi",
              "certificate_authority": [
                {
                  "data": "LS0tLS1CRUdJTiBDRVJUSUZJQ0FURS0tLS0tCk1JSURCVENDQWUyZ0F3SUJBZ0lJU051L05IajRBcjB3RFFZSktvWklodmNOQVFFTEJRQXdGVEVUTUJFR0ExVUUKQXhNS2EzVmlaWEp1WlhSbGN6QWVGdzB5TXpBNU1qZ3dNVEk1TURWYUZ3MHpNekE1TWpVd01USTVNRFZhTUJVeApFekFSQmdOVkJBTVRDbXQxWW1WeWJtVjBaWE13Z2dFaU1BMEdDU3FHU0liM0RRRUJBUVVBQTRJQkR3QXdnZ0VLCkFvSUJBUUNudTI0NnlSVnBzMW5yUEg5N2lwZWhIR1ZaN2NKNCtlZzRIRVdkZVMwZFcxczQzdW92M1crNFk1NUUKNDU0R3dweGloZURWcStHRm9ubmVUNDVTc3BXMExHT0d6NzVvcHJzM1FRbHZJcXJVaGZDcHhxemJVS0NIY1JNawpBSmo0Z040MjFYdU9reHhJcFNuU1NORzZWTy9VdkJOOEtjNmRqclRyRWRWRThITTR5QW12bXR5Q3B3aW1ZWFBSCjdPZHYzYkY2ZEZqZVpkM3N6QWpMMkQxcDVnQVFiYi92cmMrdTRTbkpmVGx1RkpEekhXbDByekZDQWU1a3RXTEQKUUxUK01YeTR0M1dqSWtxWnlsbitIckNkZW1jcW1RQ2ViellRZ09rb1JlQVllR0pxMWRkOXRWWG9JSDYxWTBIcgozemg4RCtVTnNUTkV5MG5mZWZ6RVN2ckRaOTdkQWdNQkFBR2pXVEJYTUE0R0ExVWREd0VCL3dRRUF3SUNwREFQCkJnTlZIUk1CQWY4RUJUQURBUUgvTUIwR0ExVWREZ1FXQkJRTnNPVGV3cnFZUnlrWUNHdWdqa0hnWnZ2dFJEQVYKQmdOVkhSRUVEakFNZ2dwcmRXSmxjbTVsZEdWek1BMEdDU3FHU0liM0RRRUJDd1VBQTRJQkFRQTVZdlhmdG4xTwo0S0Q5S0loVGJ3OU5uZjZSSzllWTlXQ0R4cUxzZUI4SVZUcEhzU1V3MDUyVFRzUGdEMzhHRndHdGlPak5vbS9vCnNvRGFibXRQL2M3b3g2ODFEVUxMVW5iYXdmQ015RGhVMVc0UXVBWmkyQTJjMVNva0had3FDYzBEZEdmU3gwVlAKSUd0VmJEMUY4SExFblpmSGYxM1ZtbXVpYWJnclhydXdwUmFhQWdNS0tKWmF5NG9YRmpKSlpTWDF4LzNGUWl1VQpVMTJlU3VKeVYwTnJsaEpUK2lITDU2dit2RlJHNVVEaWNGb3dDV2VkMlcxMHZZaTdFdXB0U3hYWG9NMGp4TTNCCjFqN3ZFbGQwT2VYQmFJTEh1UGpSUmZsbUlQb2dwbDF4UWZNYmJXMzBEdUJhb2R3ZmoyOGU2RE9RMDVFZVZacmMKN1d5Ym10MDNVbEJNCi0tLS0tRU5EIENFUlRJRklDQVRFLS0tLS0K"
                }
              ],
              "cluster_id": null,
              "created_at": "2023-09-28 01:24:30.125 +0000 UTC",
              "enabled_cluster_log_types": [
                "api",
                "audit",
                "authenticator"
              ],
              "endpoint": "https://37BCFD0E639C0170640243B86CF6399D.gr7.us-east-1.eks.amazonaws.com",
              "id": "eks-onyxquity-v3-pi",
              "identity": [
                {
                  "oidc": [
                    {
                      "issuer": "https://oidc.eks.us-east-1.amazonaws.com/id/37BCFD0E639C0170640243B86CF6399D"
                    }
                  ]
                }
              ],
              "kubernetes_network_config": [
                {
                  "ip_family": "ipv4",
                  "service_ipv4_cidr": "10.100.0.0/16",
                  "service_ipv6_cidr": ""
                }
              ],
              "name": "eks-onyxquity-v3-pi",
              "outpost_config": [],
              "platform_version": "eks.5",
              "role_arn": "arn:aws:iam::353631548678:role/eks-onyxquity-v3-pi-cluster-20230928012410923400000001",
              "status": "ACTIVE",
              "tags": {},
              "version": "1.27",
              "vpc_config": [
                {
                  "cluster_security_group_id": "sg-02ad493483286ec61",
                  "endpoint_private_access": false,
                  "endpoint_public_access": true,
                  "public_access_cidrs": [
                    "0.0.0.0/0"
                  ],
                  "security_group_ids": [
                    "sg-0c39bec29e64f378f"
                  ],
                  "subnet_ids": [
                    "subnet-00304271b972ca69f",
                    "subnet-0995e097326f4d462",
                    "subnet-0c10e29da7584a883"
                  ],
                  "vpc_id": "vpc-053f00045424e1d9a"
                }
              ]
            },
            "sensitive_attributes": []
          }
        ]
      },
      {
        "module": "module.eks-kubeconfig",
        "mode": "data",
        "type": "aws_eks_cluster_auth",
        "name": "ephemeral",
        "provider": "provider[\"registry.terraform.io/hashicorp/aws\"]",
        "instances": [
          {
            "schema_version": 0,
            "attributes": {
              "id": "eks-onyxquity-v3-pi",
              "name": "eks-onyxquity-v3-pi",
              "token": "k8s-aws-v1.aHR0cHM6Ly9zdHMuYW1hem9uYXdzLmNvbS8_QWN0aW9uPUdldENhbGxlcklkZW50aXR5JlZlcnNpb249MjAxMS0wNi0xNSZYLUFtei1BbGdvcml0aG09QVdTNC1ITUFDLVNIQTI1NiZYLUFtei1DcmVkZW50aWFsPUFTSUFWRVZRVkdVREtEVENERTdWJTJGMjAyMzA5MjglMkZ1cy1lYXN0LTElMkZzdHMlMkZhd3M0X3JlcXVlc3QmWC1BbXotRGF0ZT0yMDIzMDkyOFQwMTM0NDZaJlgtQW16LUV4cGlyZXM9MCZYLUFtei1TZWN1cml0eS1Ub2tlbj1JUW9KYjNKcFoybHVYMlZqRUtMJTJGJTJGJTJGJTJGJTJGJTJGJTJGJTJGJTJGJTJGd0VhQ1hWekxXVmhjM1F0TVNKSU1FWUNJUUNOMzRqQ1FzWTZub3k4WjFkbmMlMkY0a0x4aCUyQjM1WmtzUkV3WnRJRW1UUVFIZ0loQUxHY3c5bkdsNUVTV0tZODN4eVZENW1PaDRUUU5pbjNUR0gzcCUyRndCUyUyQm16S3NVRkNKciUyRiUyRiUyRiUyRiUyRiUyRiUyRiUyRiUyRiUyRndFUUFCb01NelV6TmpNeE5UUTROamM0SWd6TlM3eUlUYlFDSERIblBvMHFtUVhBTlRXRHpocUZUbUppNkV0RFUlMkJXaHJoYndBYk1oSFkyJTJGcVlSSjlYQTJ0WHNKUVhEWmJVJTJCUU16V1AlMkZRcUhrJTJGdVdWeWx1emZOZ3J4MHB4c1BPQzZ6UzZZSVRGNGFoY3BYT2lOeXc1RFlYY2JhTFlYQXAlMkIzY1JYemNGenFyWHlvdEElMkJucGpES05ZUk9TJTJGbFluWUxDMVNkRFRKYmN4eDBHMyUyRmY3ckJSdUxLUWRzbnBiYUJnY2d6JTJCOHE4VXphUU12WWlSQnN6U0lVVUlMMnlzMnVxYWpSUmNoVjRMU0ZRTlBxOTE3R2hWMjdtRGU3c2hyd1VkQXBkZVFiU1R6JTJGR29LbzZHb2h6SksxNEhLRGx0Y1hZTENobnpQQjVBSjE0TDd5QUtvWWc3MjFaRkZaM0V1ZnZ5MHpRVkJvZllXaHFWSk5xb0MlMkJ3NWloVFpQQjhmMnUyVyUyQmR3NW94dkxtcnJJOExDcG1GNmVjRjVCTXFYdzNPamdDTHBGVHZDNUNuM3E4c1FKWGJaUURQa0REZkYxdndEeDJSb2NMSVBjNE1tcFV1R2RkMXJ2eDZTYm1CNjBKallaYlpvbjVPUkx3YjF2YkRvbTFXUzhaZEwlMkZxNzUzblhjeUw4cG5rcTAzNE8lMkZGdVAlMkJWTVNkUUNVJTJGQVduSmo3RWVMRUlLUnYlMkY0enJVSTNXUVlJSkhsODNOa1ljTHZtTktmM1pvQVdCdU9MTSUyRlNKNDJaaSUyQlp0JTJGYmNZOU43S3p2Y29zVFd0cFl1U0VYcnc4dVV1aGVWJTJCbDRIdVJXeXN0c3dvQzBWRkR0JTJGT3dnTk5PcmJvUXZqeTFXVDk4OGFMdXZUVndLdzIxRThVWkE4cHFONzFkJTJCM2c5QnBBeTV0bEgwVHZ1SlRKVW4lMkZpV1Z2UExxdE9SNERBbnZOY0d2aFlqUVluR2NCdG5rMW1rJTJGN3d2NXZXTDZkNyUyRk9MUEYlMkZoeFlmeTE1Y3ZhdGpwT1JycmM3MUNHaSUyQkhBQXNra1FzZHZEY1JaR1lFbTclMkYzSHpqZmRDaHg5R3lPZUFCNE1HUE5JQnE4WkVoJTJGT05Rckl2Nk81eEVQZDczZXkxemV2ZllwbkdUaTFJeU5xWk5CbWMyM25qUVQ0cnJDbEJoeDFqSXd5JTJCelFnJTJCZkRQTE11REwycFY1SzN6M0cwR2dxRGJtbFh6ckNMZnJ2WEJkakR4cDlPb0JqcXdBUmJpTGlJSiUyQm9mQnI3V0JWYUphTEVHdmhYcHFmYjRNSHJLMmtXd09DVkN4ejVDeGpkOXJha0dzWk1qTDlkUWVDME85d25aRXlLY1hBYXkwZGQlMkZkN2htZTJSY3FUS0Z2S2ZqMW5vam1YUmdIQlVZamlhY1lQZkNVTVAwRFFUMExON2tLUVZPWVdZQ1AyZTZnWEYzZWZjWW05VjFkZlg1SldMOTFScnc5bkNXd2ViamdmQUtRS2o5ZkV3a1hqU2txR2FqJTJCcnBVc0x4SmhsVCUyRkY2TVlDT2FySnR3eU5GUlJkWWElMkZIejBmTUUyYWcmWC1BbXotU2lnbmVkSGVhZGVycz1ob3N0JTNCeC1rOHMtYXdzLWlkJlgtQW16LVNpZ25hdHVyZT04MTM5MDM3NDE4NDdlNDZmODA5Y2U0NDIwYjcyNjAwNTJlMmYxNTRkNzIyMzdjZGIyODg3YmRkNTBjODcyZTYw"
            },
            "sensitive_attributes": []
          }
        ]
      },
      {
        "module": "module.eks.module.eks_managed_node_group[\"worker\"]",
        "mode": "data",
        "type": "aws_caller_identity",
        "name": "current",
        "provider": "provider[\"registry.terraform.io/hashicorp/aws\"]",
        "instances": [
          {
            "schema_version": 0,
            "attributes": {
              "account_id": "353631548678",
              "arn": "arn:aws:sts::353631548678:assumed-role/jenkins-acces/i-072b6e58c07e26bf7",
              "id": "353631548678",
              "user_id": "AROAVEVQVGUDJ7NXPIZSM:i-072b6e58c07e26bf7"
            },
            "sensitive_attributes": []
          }
        ]
      },
      {
        "module": "module.eks.module.eks_managed_node_group[\"worker\"]",
        "mode": "data",
        "type": "aws_iam_policy_document",
        "name": "assume_role_policy",
        "provider": "provider[\"registry.terraform.io/hashicorp/aws\"]",
        "instances": [
          {
            "index_key": 0,
            "schema_version": 0,
            "attributes": {
              "id": "2560088296",
              "json": "{\n  \"Version\": \"2012-10-17\",\n  \"Statement\": [\n    {\n      \"Sid\": \"EKSNodeAssumeRole\",\n      \"Effect\": \"Allow\",\n      \"Action\": \"sts:AssumeRole\",\n      \"Principal\": {\n        \"Service\": \"ec2.amazonaws.com\"\n      }\n    }\n  ]\n}",
              "override_json": null,
              "override_policy_documents": null,
              "policy_id": null,
              "source_json": null,
              "source_policy_documents": null,
              "statement": [
                {
                  "actions": [
                    "sts:AssumeRole"
                  ],
                  "condition": [],
                  "effect": "Allow",
                  "not_actions": [],
                  "not_principals": [],
                  "not_resources": [],
                  "principals": [
                    {
                      "identifiers": [
                        "ec2.amazonaws.com"
                      ],
                      "type": "Service"
                    }
                  ],
                  "resources": [],
                  "sid": "EKSNodeAssumeRole"
                }
              ],
              "version": "2012-10-17"
            },
            "sensitive_attributes": []
          }
        ]
      },
      {
        "module": "module.eks.module.eks_managed_node_group[\"worker\"]",
        "mode": "data",
        "type": "aws_partition",
        "name": "current",
        "provider": "provider[\"registry.terraform.io/hashicorp/aws\"]",
        "instances": [
          {
            "schema_version": 0,
            "attributes": {
              "dns_suffix": "amazonaws.com",
              "id": "aws",
              "partition": "aws",
              "reverse_dns_prefix": "com.amazonaws"
            },
            "sensitive_attributes": []
          }
        ]
      },
      {
        "module": "module.eks.module.eks_managed_node_group[\"worker\"]",
        "mode": "managed",
        "type": "aws_eks_node_group",
        "name": "this",
        "provider": "provider[\"registry.terraform.io/hashicorp/aws\"]",
        "instances": [
          {
            "index_key": 0,
            "schema_version": 0,
            "attributes": {
              "ami_type": "AL2_x86_64",
              "arn": "arn:aws:eks:us-east-1:353631548678:nodegroup/eks-onyxquity-v3-pi/worker-2023092801323904080000000e/e8c56cb5-5195-7a82-8848-7ef160c754e1",
              "capacity_type": "ON_DEMAND",
              "cluster_name": "eks-onyxquity-v3-pi",
              "disk_size": 0,
              "force_update_version": null,
              "id": "eks-onyxquity-v3-pi:worker-2023092801323904080000000e",
              "instance_types": [
                "t2.medium"
              ],
              "labels": null,
              "launch_template": [
                {
                  "id": "lt-0a33c719170744700",
                  "name": "worker-2023092801323884630000000c",
                  "version": "1"
                }
              ],
              "node_group_name": "worker-2023092801323904080000000e",
              "node_group_name_prefix": "worker-",
              "node_role_arn": "arn:aws:iam::353631548678:role/worker-eks-node-group-20230928012410924500000002",
              "release_version": "1.27.5-20230919",
              "remote_access": [],
              "resources": [
                {
                  "autoscaling_groups": [
                    {
                      "name": "eks-worker-2023092801323904080000000e-e8c56cb5-5195-7a82-8848-7ef160c754e1"
                    }
                  ],
                  "remote_access_security_group_id": ""
                }
              ],
              "scaling_config": [
                {
                  "desired_size": 2,
                  "max_size": 5,
                  "min_size": 2
                }
              ],
              "status": "ACTIVE",
              "subnet_ids": [
                "subnet-00304271b972ca69f",
                "subnet-0995e097326f4d462",
                "subnet-0c10e29da7584a883"
              ],
              "tags": {
                "Name": "worker"
              },
              "tags_all": {
                "Name": "worker"
              },
              "taint": [],
              "timeouts": {
                "create": null,
                "delete": null,
                "update": null
              },
              "update_config": [
                {
                  "max_unavailable": 1,
                  "max_unavailable_percentage": 0
                }
              ],
              "version": "1.27"
            },
            "sensitive_attributes": [],
            "private": "eyJlMmJmYjczMC1lY2FhLTExZTYtOGY4OC0zNDM2M2JjN2M0YzAiOnsiY3JlYXRlIjozNjAwMDAwMDAwMDAwLCJkZWxldGUiOjM2MDAwMDAwMDAwMDAsInVwZGF0ZSI6MzYwMDAwMDAwMDAwMH19",
            "dependencies": [
              "data.aws_availability_zones.available",
              "module.eks.aws_cloudwatch_log_group.this",
              "module.eks.aws_eks_cluster.this",
              "module.eks.aws_iam_role.this",
              "module.eks.aws_iam_role_policy_attachment.this",
              "module.eks.aws_security_group.cluster",
              "module.eks.aws_security_group.node",
              "module.eks.aws_security_group_rule.cluster",
              "module.eks.aws_security_group_rule.node",
              "module.eks.data.aws_iam_policy_document.assume_role_policy",
              "module.eks.data.aws_partition.current",
              "module.eks.module.eks_managed_node_group.aws_iam_role.this",
              "module.eks.module.eks_managed_node_group.aws_iam_role_policy_attachment.this",
              "module.eks.module.eks_managed_node_group.aws_launch_template.this",
              "module.eks.module.eks_managed_node_group.aws_security_group.this",
              "module.eks.module.eks_managed_node_group.aws_security_group_rule.this",
              "module.eks.module.eks_managed_node_group.data.aws_caller_identity.current",
              "module.eks.module.eks_managed_node_group.data.aws_iam_policy_document.assume_role_policy",
              "module.eks.module.eks_managed_node_group.data.aws_partition.current",
              "module.eks.module.eks_managed_node_group.module.user_data.data.cloudinit_config.linux_eks_managed_node_group",
              "module.eks.module.kms.aws_kms_external_key.this",
              "module.eks.module.kms.aws_kms_key.this",
              "module.vpc.aws_subnet.private",
              "module.vpc.aws_vpc.this",
              "module.vpc.aws_vpc_ipv4_cidr_block_association.this"
            ],
            "create_before_destroy": true
          }
        ]
      },
      {
        "module": "module.eks.module.eks_managed_node_group[\"worker\"]",
        "mode": "managed",
        "type": "aws_iam_role",
        "name": "this",
        "provider": "provider[\"registry.terraform.io/hashicorp/aws\"]",
        "instances": [
          {
            "index_key": 0,
            "schema_version": 0,
            "attributes": {
              "arn": "arn:aws:iam::353631548678:role/worker-eks-node-group-20230928012410924500000002",
              "assume_role_policy": "{\"Statement\":[{\"Action\":\"sts:AssumeRole\",\"Effect\":\"Allow\",\"Principal\":{\"Service\":\"ec2.amazonaws.com\"},\"Sid\":\"EKSNodeAssumeRole\"}],\"Version\":\"2012-10-17\"}",
              "create_date": "2023-09-28T01:24:11Z",
              "description": "EKS managed node group IAM role",
              "force_detach_policies": true,
              "id": "worker-eks-node-group-20230928012410924500000002",
              "inline_policy": [],
              "managed_policy_arns": [],
              "max_session_duration": 3600,
              "name": "worker-eks-node-group-20230928012410924500000002",
              "name_prefix": "worker-eks-node-group-",
              "path": "/",
              "permissions_boundary": null,
              "role_last_used": [
                {
                  "last_used_date": "",
                  "region": ""
                }
              ],
              "tags": null,
              "tags_all": {},
              "unique_id": "AROAVEVQVGUDOKNESRJM2"
            },
            "sensitive_attributes": [],
            "private": "bnVsbA==",
            "dependencies": [
              "module.eks.module.eks_managed_node_group.data.aws_iam_policy_document.assume_role_policy"
            ],
            "create_before_destroy": true
          }
        ]
      },
      {
        "module": "module.eks.module.eks_managed_node_group[\"worker\"]",
        "mode": "managed",
        "type": "aws_iam_role_policy_attachment",
        "name": "this",
        "provider": "provider[\"registry.terraform.io/hashicorp/aws\"]",
        "instances": [
          {
            "index_key": "arn:aws:iam::aws:policy/AmazonEC2ContainerRegistryReadOnly",
            "schema_version": 0,
            "attributes": {
              "id": "worker-eks-node-group-20230928012410924500000002-20230928012411201500000003",
              "policy_arn": "arn:aws:iam::aws:policy/AmazonEC2ContainerRegistryReadOnly",
              "role": "worker-eks-node-group-20230928012410924500000002"
            },
            "sensitive_attributes": [],
            "private": "bnVsbA==",
            "dependencies": [
              "module.eks.module.eks_managed_node_group.aws_iam_role.this",
              "module.eks.module.eks_managed_node_group.data.aws_caller_identity.current",
              "module.eks.module.eks_managed_node_group.data.aws_iam_policy_document.assume_role_policy",
              "module.eks.module.eks_managed_node_group.data.aws_partition.current"
            ],
            "create_before_destroy": true
          },
          {
            "index_key": "arn:aws:iam::aws:policy/AmazonEKSWorkerNodePolicy",
            "schema_version": 0,
            "attributes": {
              "id": "worker-eks-node-group-20230928012410924500000002-20230928012411209700000004",
              "policy_arn": "arn:aws:iam::aws:policy/AmazonEKSWorkerNodePolicy",
              "role": "worker-eks-node-group-20230928012410924500000002"
            },
            "sensitive_attributes": [],
            "private": "bnVsbA==",
            "dependencies": [
              "module.eks.module.eks_managed_node_group.aws_iam_role.this",
              "module.eks.module.eks_managed_node_group.data.aws_caller_identity.current",
              "module.eks.module.eks_managed_node_group.data.aws_iam_policy_document.assume_role_policy",
              "module.eks.module.eks_managed_node_group.data.aws_partition.current"
            ],
            "create_before_destroy": true
          },
          {
            "index_key": "arn:aws:iam::aws:policy/AmazonEKS_CNI_Policy",
            "schema_version": 0,
            "attributes": {
              "id": "worker-eks-node-group-20230928012410924500000002-20230928012411211900000005",
              "policy_arn": "arn:aws:iam::aws:policy/AmazonEKS_CNI_Policy",
              "role": "worker-eks-node-group-20230928012410924500000002"
            },
            "sensitive_attributes": [],
            "private": "bnVsbA==",
            "dependencies": [
              "module.eks.module.eks_managed_node_group.aws_iam_role.this",
              "module.eks.module.eks_managed_node_group.data.aws_caller_identity.current",
              "module.eks.module.eks_managed_node_group.data.aws_iam_policy_document.assume_role_policy",
              "module.eks.module.eks_managed_node_group.data.aws_partition.current"
            ],
            "create_before_destroy": true
          }
        ]
      },
      {
        "module": "module.eks.module.eks_managed_node_group[\"worker\"]",
        "mode": "managed",
        "type": "aws_launch_template",
        "name": "this",
        "provider": "provider[\"registry.terraform.io/hashicorp/aws\"]",
        "instances": [
          {
            "index_key": 0,
            "schema_version": 0,
            "attributes": {
              "arn": "arn:aws:ec2:us-east-1:353631548678:launch-template/lt-0a33c719170744700",
              "block_device_mappings": [],
              "capacity_reservation_specification": [],
              "cpu_options": [],
              "credit_specification": [],
              "default_version": 1,
              "description": "Custom launch template for worker EKS managed node group",
              "disable_api_stop": false,
              "disable_api_termination": false,
              "ebs_optimized": "",
              "elastic_gpu_specifications": [],
              "elastic_inference_accelerator": [],
              "enclave_options": [],
              "hibernation_options": [],
              "iam_instance_profile": [],
              "id": "lt-0a33c719170744700",
              "image_id": "",
              "instance_initiated_shutdown_behavior": "",
              "instance_market_options": [],
              "instance_requirements": [],
              "instance_type": "",
              "kernel_id": "",
              "key_name": "",
              "latest_version": 1,
              "license_specification": [],
              "maintenance_options": [],
              "metadata_options": [
                {
                  "http_endpoint": "enabled",
                  "http_protocol_ipv6": "disabled",
                  "http_put_response_hop_limit": 2,
                  "http_tokens": "required",
                  "instance_metadata_tags": "disabled"
                }
              ],
              "monitoring": [
                {
                  "enabled": true
                }
              ],
              "name": "worker-2023092801323884630000000c",
              "name_prefix": "worker-",
              "network_interfaces": [],
              "placement": [],
              "private_dns_name_options": [],
              "ram_disk_id": "",
              "security_group_names": null,
              "tag_specifications": [
                {
                  "resource_type": "instance",
                  "tags": {
                    "Name": "worker"
                  }
                },
                {
                  "resource_type": "network-interface",
                  "tags": {
                    "Name": "worker"
                  }
                },
                {
                  "resource_type": "volume",
                  "tags": {
                    "Name": "worker"
                  }
                }
              ],
              "tags": null,
              "tags_all": {},
              "update_default_version": true,
              "user_data": "",
              "vpc_security_group_ids": [
                "sg-030a83577c37ddd14",
                "sg-0923c4724d34a0d94"
              ]
            },
            "sensitive_attributes": [],
            "private": "bnVsbA==",
            "dependencies": [
              "data.aws_availability_zones.available",
              "module.eks.aws_cloudwatch_log_group.this",
              "module.eks.aws_eks_cluster.this",
              "module.eks.aws_iam_role.this",
              "module.eks.aws_iam_role_policy_attachment.this",
              "module.eks.aws_security_group.cluster",
              "module.eks.aws_security_group.node",
              "module.eks.aws_security_group_rule.cluster",
              "module.eks.aws_security_group_rule.node",
              "module.eks.data.aws_iam_policy_document.assume_role_policy",
              "module.eks.data.aws_partition.current",
              "module.eks.module.eks_managed_node_group.aws_iam_role.this",
              "module.eks.module.eks_managed_node_group.aws_iam_role_policy_attachment.this",
              "module.eks.module.eks_managed_node_group.aws_security_group.this",
              "module.eks.module.eks_managed_node_group.aws_security_group_rule.this",
              "module.eks.module.eks_managed_node_group.data.aws_caller_identity.current",
              "module.eks.module.eks_managed_node_group.data.aws_iam_policy_document.assume_role_policy",
              "module.eks.module.eks_managed_node_group.data.aws_partition.current",
              "module.eks.module.eks_managed_node_group.module.user_data.data.cloudinit_config.linux_eks_managed_node_group",
              "module.eks.module.kms.aws_kms_external_key.this",
              "module.eks.module.kms.aws_kms_key.this",
              "module.vpc.aws_subnet.private",
              "module.vpc.aws_vpc.this",
              "module.vpc.aws_vpc_ipv4_cidr_block_association.this"
            ],
            "create_before_destroy": true
          }
        ]
      },
      {
        "module": "module.eks.module.eks_managed_node_group[\"worker\"]",
        "mode": "managed",
        "type": "aws_security_group",
        "name": "this",
        "provider": "provider[\"registry.terraform.io/hashicorp/aws\"]",
        "instances": [
          {
            "index_key": 0,
            "schema_version": 1,
            "attributes": {
              "arn": "arn:aws:ec2:us-east-1:353631548678:security-group/sg-030a83577c37ddd14",
              "description": "EKS managed node group security group",
              "egress": [],
              "id": "sg-030a83577c37ddd14",
              "ingress": [],
              "name": "worker-eks-node-group-2023092801242223270000000a",
              "name_prefix": "worker-eks-node-group-",
              "owner_id": "353631548678",
              "revoke_rules_on_delete": false,
              "tags": {
                "Name": "worker-eks-node-group"
              },
              "tags_all": {
                "Name": "worker-eks-node-group"
              },
              "timeouts": null,
              "vpc_id": "vpc-053f00045424e1d9a"
            },
            "sensitive_attributes": [],
            "private": "eyJlMmJmYjczMC1lY2FhLTExZTYtOGY4OC0zNDM2M2JjN2M0YzAiOnsiY3JlYXRlIjo2MDAwMDAwMDAwMDAsImRlbGV0ZSI6OTAwMDAwMDAwMDAwfSwic2NoZW1hX3ZlcnNpb24iOiIxIn0=",
            "dependencies": [
              "module.vpc.aws_vpc.this"
            ],
            "create_before_destroy": true
          }
        ]
      },
      {
        "module": "module.eks.module.kms",
        "mode": "data",
        "type": "aws_caller_identity",
        "name": "current",
        "provider": "provider[\"registry.terraform.io/hashicorp/aws\"]",
        "instances": [
          {
            "schema_version": 0,
            "attributes": {
              "account_id": "353631548678",
              "arn": "arn:aws:sts::353631548678:assumed-role/jenkins-acces/i-072b6e58c07e26bf7",
              "id": "353631548678",
              "user_id": "AROAVEVQVGUDJ7NXPIZSM:i-072b6e58c07e26bf7"
            },
            "sensitive_attributes": []
          }
        ]
      },
      {
        "module": "module.eks.module.kms",
        "mode": "data",
        "type": "aws_partition",
        "name": "current",
        "provider": "provider[\"registry.terraform.io/hashicorp/aws\"]",
        "instances": [
          {
            "schema_version": 0,
            "attributes": {
              "dns_suffix": "amazonaws.com",
              "id": "aws",
              "partition": "aws",
              "reverse_dns_prefix": "com.amazonaws"
            },
            "sensitive_attributes": []
          }
        ]
      },
      {
        "module": "module.vpc",
        "mode": "managed",
        "type": "aws_eip",
        "name": "nat",
        "provider": "provider[\"registry.terraform.io/hashicorp/aws\"]",
        "instances": [
          {
            "index_key": 0,
            "schema_version": 0,
            "attributes": {
              "address": null,
              "allocation_id": "eipalloc-07bd594f2eb0e4e13",
              "associate_with_private_ip": null,
              "association_id": "",
              "carrier_ip": "",
              "customer_owned_ip": "",
              "customer_owned_ipv4_pool": "",
              "domain": "vpc",
              "id": "eipalloc-07bd594f2eb0e4e13",
              "instance": "",
              "network_border_group": "us-east-1",
              "network_interface": "",
              "private_dns": null,
              "private_ip": "",
              "public_dns": "ec2-3-226-232-96.compute-1.amazonaws.com",
              "public_ip": "3.226.232.96",
              "public_ipv4_pool": "amazon",
              "tags": {
                "Name": "k8s-onyxquity-v3-pi-vpc-us-east-1a"
              },
              "tags_all": {
                "Name": "k8s-onyxquity-v3-pi-vpc-us-east-1a"
              },
              "timeouts": null,
              "vpc": true
            },
            "sensitive_attributes": [],
            "private": "eyJlMmJmYjczMC1lY2FhLTExZTYtOGY4OC0zNDM2M2JjN2M0YzAiOnsiZGVsZXRlIjoxODAwMDAwMDAwMDAsInJlYWQiOjkwMDAwMDAwMDAwMCwidXBkYXRlIjozMDAwMDAwMDAwMDB9fQ==",
            "dependencies": [
              "data.aws_availability_zones.available"
            ]
          }
        ]
      },
      {
        "module": "module.vpc",
        "mode": "managed",
        "type": "aws_internet_gateway",
        "name": "this",
        "provider": "provider[\"registry.terraform.io/hashicorp/aws\"]",
        "instances": [
          {
            "index_key": 0,
            "schema_version": 0,
            "attributes": {
              "arn": "arn:aws:ec2:us-east-1:353631548678:internet-gateway/igw-042c69ac4c1a30b69",
              "id": "igw-042c69ac4c1a30b69",
              "owner_id": "353631548678",
              "tags": {
                "Name": "k8s-onyxquity-v3-pi-vpc"
              },
              "tags_all": {
                "Name": "k8s-onyxquity-v3-pi-vpc"
              },
              "timeouts": null,
              "vpc_id": "vpc-053f00045424e1d9a"
            },
            "sensitive_attributes": [],
            "private": "eyJlMmJmYjczMC1lY2FhLTExZTYtOGY4OC0zNDM2M2JjN2M0YzAiOnsiY3JlYXRlIjoxMjAwMDAwMDAwMDAwLCJkZWxldGUiOjEyMDAwMDAwMDAwMDAsInVwZGF0ZSI6MTIwMDAwMDAwMDAwMH19",
            "dependencies": [
              "module.vpc.aws_vpc.this",
              "module.vpc.aws_vpc_ipv4_cidr_block_association.this"
            ]
          }
        ]
      },
      {
        "module": "module.vpc",
        "mode": "managed",
        "type": "aws_nat_gateway",
        "name": "this",
        "provider": "provider[\"registry.terraform.io/hashicorp/aws\"]",
        "instances": [
          {
            "index_key": 0,
            "schema_version": 0,
            "attributes": {
              "allocation_id": "eipalloc-07bd594f2eb0e4e13",
              "association_id": "eipassoc-0ce2a61e66eefed6c",
              "connectivity_type": "public",
              "id": "nat-0c5a843823417cc62",
              "network_interface_id": "eni-05cdfdc69d8096a26",
              "private_ip": "172.16.4.97",
              "public_ip": "3.226.232.96",
              "subnet_id": "subnet-06b0ab8f822bcf035",
              "tags": {
                "Name": "k8s-onyxquity-v3-pi-vpc-us-east-1a"
              },
              "tags_all": {
                "Name": "k8s-onyxquity-v3-pi-vpc-us-east-1a"
              }
            },
            "sensitive_attributes": [],
            "private": "bnVsbA==",
            "dependencies": [
              "data.aws_availability_zones.available",
              "module.vpc.aws_eip.nat",
              "module.vpc.aws_internet_gateway.this",
              "module.vpc.aws_subnet.public",
              "module.vpc.aws_vpc.this",
              "module.vpc.aws_vpc_ipv4_cidr_block_association.this"
            ]
          }
        ]
      },
      {
        "module": "module.vpc",
        "mode": "managed",
        "type": "aws_route",
        "name": "private_nat_gateway",
        "provider": "provider[\"registry.terraform.io/hashicorp/aws\"]",
        "instances": [
          {
            "index_key": 0,
            "schema_version": 0,
            "attributes": {
              "carrier_gateway_id": "",
              "core_network_arn": "",
              "destination_cidr_block": "0.0.0.0/0",
              "destination_ipv6_cidr_block": "",
              "destination_prefix_list_id": "",
              "egress_only_gateway_id": "",
              "gateway_id": "",
              "id": "r-rtb-0dc0a12f5ac6eb15f1080289494",
              "instance_id": "",
              "instance_owner_id": "",
              "local_gateway_id": "",
              "nat_gateway_id": "nat-0c5a843823417cc62",
              "network_interface_id": "",
              "origin": "CreateRoute",
              "route_table_id": "rtb-0dc0a12f5ac6eb15f",
              "state": "active",
              "timeouts": {
                "create": "5m",
                "delete": null,
                "update": null
              },
              "transit_gateway_id": "",
              "vpc_endpoint_id": "",
              "vpc_peering_connection_id": ""
            },
            "sensitive_attributes": [],
            "private": "eyJlMmJmYjczMC1lY2FhLTExZTYtOGY4OC0zNDM2M2JjN2M0YzAiOnsiY3JlYXRlIjozMDAwMDAwMDAwMDAsImRlbGV0ZSI6MzAwMDAwMDAwMDAwLCJ1cGRhdGUiOjEyMDAwMDAwMDAwMH19",
            "dependencies": [
              "data.aws_availability_zones.available",
              "module.vpc.aws_eip.nat",
              "module.vpc.aws_internet_gateway.this",
              "module.vpc.aws_nat_gateway.this",
              "module.vpc.aws_route_table.private",
              "module.vpc.aws_subnet.public",
              "module.vpc.aws_vpc.this",
              "module.vpc.aws_vpc_ipv4_cidr_block_association.this"
            ]
          }
        ]
      },
      {
        "module": "module.vpc",
        "mode": "managed",
        "type": "aws_route",
        "name": "public_internet_gateway",
        "provider": "provider[\"registry.terraform.io/hashicorp/aws\"]",
        "instances": [
          {
            "index_key": 0,
            "schema_version": 0,
            "attributes": {
              "carrier_gateway_id": "",
              "core_network_arn": "",
              "destination_cidr_block": "0.0.0.0/0",
              "destination_ipv6_cidr_block": "",
              "destination_prefix_list_id": "",
              "egress_only_gateway_id": "",
              "gateway_id": "igw-042c69ac4c1a30b69",
              "id": "r-rtb-0702c3c61f92cd0411080289494",
              "instance_id": "",
              "instance_owner_id": "",
              "local_gateway_id": "",
              "nat_gateway_id": "",
              "network_interface_id": "",
              "origin": "CreateRoute",
              "route_table_id": "rtb-0702c3c61f92cd041",
              "state": "active",
              "timeouts": {
                "create": "5m",
                "delete": null,
                "update": null
              },
              "transit_gateway_id": "",
              "vpc_endpoint_id": "",
              "vpc_peering_connection_id": ""
            },
            "sensitive_attributes": [],
            "private": "eyJlMmJmYjczMC1lY2FhLTExZTYtOGY4OC0zNDM2M2JjN2M0YzAiOnsiY3JlYXRlIjozMDAwMDAwMDAwMDAsImRlbGV0ZSI6MzAwMDAwMDAwMDAwLCJ1cGRhdGUiOjEyMDAwMDAwMDAwMH19",
            "dependencies": [
              "module.vpc.aws_internet_gateway.this",
              "module.vpc.aws_route_table.public",
              "module.vpc.aws_vpc.this",
              "module.vpc.aws_vpc_ipv4_cidr_block_association.this"
            ]
          }
        ]
      },
      {
        "module": "module.vpc",
        "mode": "managed",
        "type": "aws_route_table",
        "name": "private",
        "provider": "provider[\"registry.terraform.io/hashicorp/aws\"]",
        "instances": [
          {
            "index_key": 0,
            "schema_version": 0,
            "attributes": {
              "arn": "arn:aws:ec2:us-east-1:353631548678:route-table/rtb-0dc0a12f5ac6eb15f",
              "id": "rtb-0dc0a12f5ac6eb15f",
              "owner_id": "353631548678",
              "propagating_vgws": [],
              "route": [],
              "tags": {
                "Name": "k8s-onyxquity-v3-pi-vpc-private"
              },
              "tags_all": {
                "Name": "k8s-onyxquity-v3-pi-vpc-private"
              },
              "timeouts": null,
              "vpc_id": "vpc-053f00045424e1d9a"
            },
            "sensitive_attributes": [],
            "private": "eyJlMmJmYjczMC1lY2FhLTExZTYtOGY4OC0zNDM2M2JjN2M0YzAiOnsiY3JlYXRlIjozMDAwMDAwMDAwMDAsImRlbGV0ZSI6MzAwMDAwMDAwMDAwLCJ1cGRhdGUiOjEyMDAwMDAwMDAwMH19",
            "dependencies": [
              "data.aws_availability_zones.available",
              "module.vpc.aws_vpc.this",
              "module.vpc.aws_vpc_ipv4_cidr_block_association.this"
            ]
          }
        ]
      },
      {
        "module": "module.vpc",
        "mode": "managed",
        "type": "aws_route_table",
        "name": "public",
        "provider": "provider[\"registry.terraform.io/hashicorp/aws\"]",
        "instances": [
          {
            "index_key": 0,
            "schema_version": 0,
            "attributes": {
              "arn": "arn:aws:ec2:us-east-1:353631548678:route-table/rtb-0702c3c61f92cd041",
              "id": "rtb-0702c3c61f92cd041",
              "owner_id": "353631548678",
              "propagating_vgws": [],
              "route": [],
              "tags": {
                "Name": "k8s-onyxquity-v3-pi-vpc-public"
              },
              "tags_all": {
                "Name": "k8s-onyxquity-v3-pi-vpc-public"
              },
              "timeouts": null,
              "vpc_id": "vpc-053f00045424e1d9a"
            },
            "sensitive_attributes": [],
            "private": "eyJlMmJmYjczMC1lY2FhLTExZTYtOGY4OC0zNDM2M2JjN2M0YzAiOnsiY3JlYXRlIjozMDAwMDAwMDAwMDAsImRlbGV0ZSI6MzAwMDAwMDAwMDAwLCJ1cGRhdGUiOjEyMDAwMDAwMDAwMH19",
            "dependencies": [
              "module.vpc.aws_vpc.this",
              "module.vpc.aws_vpc_ipv4_cidr_block_association.this"
            ]
          }
        ]
      },
      {
        "module": "module.vpc",
        "mode": "managed",
        "type": "aws_route_table_association",
        "name": "private",
        "provider": "provider[\"registry.terraform.io/hashicorp/aws\"]",
        "instances": [
          {
            "index_key": 0,
            "schema_version": 0,
            "attributes": {
              "gateway_id": "",
              "id": "rtbassoc-0c17b92820756a9c0",
              "route_table_id": "rtb-0dc0a12f5ac6eb15f",
              "subnet_id": "subnet-0c10e29da7584a883",
              "timeouts": null
            },
            "sensitive_attributes": [],
            "private": "eyJlMmJmYjczMC1lY2FhLTExZTYtOGY4OC0zNDM2M2JjN2M0YzAiOnsiY3JlYXRlIjozMDAwMDAwMDAwMDAsImRlbGV0ZSI6MzAwMDAwMDAwMDAwLCJ1cGRhdGUiOjEyMDAwMDAwMDAwMH19",
            "dependencies": [
              "data.aws_availability_zones.available",
              "module.vpc.aws_route_table.private",
              "module.vpc.aws_subnet.private",
              "module.vpc.aws_vpc.this",
              "module.vpc.aws_vpc_ipv4_cidr_block_association.this"
            ]
          },
          {
            "index_key": 1,
            "schema_version": 0,
            "attributes": {
              "gateway_id": "",
              "id": "rtbassoc-0129b6ccf21eba6f5",
              "route_table_id": "rtb-0dc0a12f5ac6eb15f",
              "subnet_id": "subnet-0995e097326f4d462",
              "timeouts": null
            },
            "sensitive_attributes": [],
            "private": "eyJlMmJmYjczMC1lY2FhLTExZTYtOGY4OC0zNDM2M2JjN2M0YzAiOnsiY3JlYXRlIjozMDAwMDAwMDAwMDAsImRlbGV0ZSI6MzAwMDAwMDAwMDAwLCJ1cGRhdGUiOjEyMDAwMDAwMDAwMH19",
            "dependencies": [
              "data.aws_availability_zones.available",
              "module.vpc.aws_route_table.private",
              "module.vpc.aws_subnet.private",
              "module.vpc.aws_vpc.this",
              "module.vpc.aws_vpc_ipv4_cidr_block_association.this"
            ]
          },
          {
            "index_key": 2,
            "schema_version": 0,
            "attributes": {
              "gateway_id": "",
              "id": "rtbassoc-03fa566ffbfe2d772",
              "route_table_id": "rtb-0dc0a12f5ac6eb15f",
              "subnet_id": "subnet-00304271b972ca69f",
              "timeouts": null
            },
            "sensitive_attributes": [],
            "private": "eyJlMmJmYjczMC1lY2FhLTExZTYtOGY4OC0zNDM2M2JjN2M0YzAiOnsiY3JlYXRlIjozMDAwMDAwMDAwMDAsImRlbGV0ZSI6MzAwMDAwMDAwMDAwLCJ1cGRhdGUiOjEyMDAwMDAwMDAwMH19",
            "dependencies": [
              "data.aws_availability_zones.available",
              "module.vpc.aws_route_table.private",
              "module.vpc.aws_subnet.private",
              "module.vpc.aws_vpc.this",
              "module.vpc.aws_vpc_ipv4_cidr_block_association.this"
            ]
          }
        ]
      },
      {
        "module": "module.vpc",
        "mode": "managed",
        "type": "aws_route_table_association",
        "name": "public",
        "provider": "provider[\"registry.terraform.io/hashicorp/aws\"]",
        "instances": [
          {
            "index_key": 0,
            "schema_version": 0,
            "attributes": {
              "gateway_id": "",
              "id": "rtbassoc-065aac2166fe13ade",
              "route_table_id": "rtb-0702c3c61f92cd041",
              "subnet_id": "subnet-06b0ab8f822bcf035",
              "timeouts": null
            },
            "sensitive_attributes": [],
            "private": "eyJlMmJmYjczMC1lY2FhLTExZTYtOGY4OC0zNDM2M2JjN2M0YzAiOnsiY3JlYXRlIjozMDAwMDAwMDAwMDAsImRlbGV0ZSI6MzAwMDAwMDAwMDAwLCJ1cGRhdGUiOjEyMDAwMDAwMDAwMH19",
            "dependencies": [
              "data.aws_availability_zones.available",
              "module.vpc.aws_route_table.public",
              "module.vpc.aws_subnet.public",
              "module.vpc.aws_vpc.this",
              "module.vpc.aws_vpc_ipv4_cidr_block_association.this"
            ]
          },
          {
            "index_key": 1,
            "schema_version": 0,
            "attributes": {
              "gateway_id": "",
              "id": "rtbassoc-0dc895a91b3002530",
              "route_table_id": "rtb-0702c3c61f92cd041",
              "subnet_id": "subnet-08d4dd7a3fde61018",
              "timeouts": null
            },
            "sensitive_attributes": [],
            "private": "eyJlMmJmYjczMC1lY2FhLTExZTYtOGY4OC0zNDM2M2JjN2M0YzAiOnsiY3JlYXRlIjozMDAwMDAwMDAwMDAsImRlbGV0ZSI6MzAwMDAwMDAwMDAwLCJ1cGRhdGUiOjEyMDAwMDAwMDAwMH19",
            "dependencies": [
              "data.aws_availability_zones.available",
              "module.vpc.aws_route_table.public",
              "module.vpc.aws_subnet.public",
              "module.vpc.aws_vpc.this",
              "module.vpc.aws_vpc_ipv4_cidr_block_association.this"
            ]
          },
          {
            "index_key": 2,
            "schema_version": 0,
            "attributes": {
              "gateway_id": "",
              "id": "rtbassoc-0bc4f09091326acd9",
              "route_table_id": "rtb-0702c3c61f92cd041",
              "subnet_id": "subnet-062fc9a1132e1d64d",
              "timeouts": null
            },
            "sensitive_attributes": [],
            "private": "eyJlMmJmYjczMC1lY2FhLTExZTYtOGY4OC0zNDM2M2JjN2M0YzAiOnsiY3JlYXRlIjozMDAwMDAwMDAwMDAsImRlbGV0ZSI6MzAwMDAwMDAwMDAwLCJ1cGRhdGUiOjEyMDAwMDAwMDAwMH19",
            "dependencies": [
              "data.aws_availability_zones.available",
              "module.vpc.aws_route_table.public",
              "module.vpc.aws_subnet.public",
              "module.vpc.aws_vpc.this",
              "module.vpc.aws_vpc_ipv4_cidr_block_association.this"
            ]
          }
        ]
      },
      {
        "module": "module.vpc",
        "mode": "managed",
        "type": "aws_subnet",
        "name": "private",
        "provider": "provider[\"registry.terraform.io/hashicorp/aws\"]",
        "instances": [
          {
            "index_key": 0,
            "schema_version": 1,
            "attributes": {
              "arn": "arn:aws:ec2:us-east-1:353631548678:subnet/subnet-0c10e29da7584a883",
              "assign_ipv6_address_on_creation": false,
              "availability_zone": "us-east-1a",
              "availability_zone_id": "use1-az4",
              "cidr_block": "172.16.1.0/24",
              "customer_owned_ipv4_pool": "",
              "enable_dns64": false,
              "enable_lni_at_device_index": 0,
              "enable_resource_name_dns_a_record_on_launch": false,
              "enable_resource_name_dns_aaaa_record_on_launch": false,
              "id": "subnet-0c10e29da7584a883",
              "ipv6_cidr_block": "",
              "ipv6_cidr_block_association_id": "",
              "ipv6_native": false,
              "map_customer_owned_ip_on_launch": false,
              "map_public_ip_on_launch": false,
              "outpost_arn": "",
              "owner_id": "353631548678",
              "private_dns_hostname_type_on_launch": "ip-name",
              "tags": {
                "Name": "k8s-onyxquity-v3-pi-vpc-private-us-east-1a",
                "kubernetes.io/cluster/onyxquity-v3-pi": "shared",
                "kubernetes.io/role/internal-elb": "1"
              },
              "tags_all": {
                "Name": "k8s-onyxquity-v3-pi-vpc-private-us-east-1a",
                "kubernetes.io/cluster/onyxquity-v3-pi": "shared",
                "kubernetes.io/role/internal-elb": "1"
              },
              "timeouts": null,
              "vpc_id": "vpc-053f00045424e1d9a"
            },
            "sensitive_attributes": [],
            "private": "eyJlMmJmYjczMC1lY2FhLTExZTYtOGY4OC0zNDM2M2JjN2M0YzAiOnsiY3JlYXRlIjo2MDAwMDAwMDAwMDAsImRlbGV0ZSI6MTIwMDAwMDAwMDAwMH0sInNjaGVtYV92ZXJzaW9uIjoiMSJ9",
            "dependencies": [
              "data.aws_availability_zones.available",
              "module.vpc.aws_vpc.this",
              "module.vpc.aws_vpc_ipv4_cidr_block_association.this"
            ],
            "create_before_destroy": true
          },
          {
            "index_key": 1,
            "schema_version": 1,
            "attributes": {
              "arn": "arn:aws:ec2:us-east-1:353631548678:subnet/subnet-0995e097326f4d462",
              "assign_ipv6_address_on_creation": false,
              "availability_zone": "us-east-1b",
              "availability_zone_id": "use1-az6",
              "cidr_block": "172.16.2.0/24",
              "customer_owned_ipv4_pool": "",
              "enable_dns64": false,
              "enable_lni_at_device_index": 0,
              "enable_resource_name_dns_a_record_on_launch": false,
              "enable_resource_name_dns_aaaa_record_on_launch": false,
              "id": "subnet-0995e097326f4d462",
              "ipv6_cidr_block": "",
              "ipv6_cidr_block_association_id": "",
              "ipv6_native": false,
              "map_customer_owned_ip_on_launch": false,
              "map_public_ip_on_launch": false,
              "outpost_arn": "",
              "owner_id": "353631548678",
              "private_dns_hostname_type_on_launch": "ip-name",
              "tags": {
                "Name": "k8s-onyxquity-v3-pi-vpc-private-us-east-1b",
                "kubernetes.io/cluster/onyxquity-v3-pi": "shared",
                "kubernetes.io/role/internal-elb": "1"
              },
              "tags_all": {
                "Name": "k8s-onyxquity-v3-pi-vpc-private-us-east-1b",
                "kubernetes.io/cluster/onyxquity-v3-pi": "shared",
                "kubernetes.io/role/internal-elb": "1"
              },
              "timeouts": null,
              "vpc_id": "vpc-053f00045424e1d9a"
            },
            "sensitive_attributes": [],
            "private": "eyJlMmJmYjczMC1lY2FhLTExZTYtOGY4OC0zNDM2M2JjN2M0YzAiOnsiY3JlYXRlIjo2MDAwMDAwMDAwMDAsImRlbGV0ZSI6MTIwMDAwMDAwMDAwMH0sInNjaGVtYV92ZXJzaW9uIjoiMSJ9",
            "dependencies": [
              "data.aws_availability_zones.available",
              "module.vpc.aws_vpc.this",
              "module.vpc.aws_vpc_ipv4_cidr_block_association.this"
            ],
            "create_before_destroy": true
          },
          {
            "index_key": 2,
            "schema_version": 1,
            "attributes": {
              "arn": "arn:aws:ec2:us-east-1:353631548678:subnet/subnet-00304271b972ca69f",
              "assign_ipv6_address_on_creation": false,
              "availability_zone": "us-east-1c",
              "availability_zone_id": "use1-az1",
              "cidr_block": "172.16.3.0/24",
              "customer_owned_ipv4_pool": "",
              "enable_dns64": false,
              "enable_lni_at_device_index": 0,
              "enable_resource_name_dns_a_record_on_launch": false,
              "enable_resource_name_dns_aaaa_record_on_launch": false,
              "id": "subnet-00304271b972ca69f",
              "ipv6_cidr_block": "",
              "ipv6_cidr_block_association_id": "",
              "ipv6_native": false,
              "map_customer_owned_ip_on_launch": false,
              "map_public_ip_on_launch": false,
              "outpost_arn": "",
              "owner_id": "353631548678",
              "private_dns_hostname_type_on_launch": "ip-name",
              "tags": {
                "Name": "k8s-onyxquity-v3-pi-vpc-private-us-east-1c",
                "kubernetes.io/cluster/onyxquity-v3-pi": "shared",
                "kubernetes.io/role/internal-elb": "1"
              },
              "tags_all": {
                "Name": "k8s-onyxquity-v3-pi-vpc-private-us-east-1c",
                "kubernetes.io/cluster/onyxquity-v3-pi": "shared",
                "kubernetes.io/role/internal-elb": "1"
              },
              "timeouts": null,
              "vpc_id": "vpc-053f00045424e1d9a"
            },
            "sensitive_attributes": [],
            "private": "eyJlMmJmYjczMC1lY2FhLTExZTYtOGY4OC0zNDM2M2JjN2M0YzAiOnsiY3JlYXRlIjo2MDAwMDAwMDAwMDAsImRlbGV0ZSI6MTIwMDAwMDAwMDAwMH0sInNjaGVtYV92ZXJzaW9uIjoiMSJ9",
            "dependencies": [
              "data.aws_availability_zones.available",
              "module.vpc.aws_vpc.this",
              "module.vpc.aws_vpc_ipv4_cidr_block_association.this"
            ],
            "create_before_destroy": true
          }
        ]
      },
      {
        "module": "module.vpc",
        "mode": "managed",
        "type": "aws_subnet",
        "name": "public",
        "provider": "provider[\"registry.terraform.io/hashicorp/aws\"]",
        "instances": [
          {
            "index_key": 0,
            "schema_version": 1,
            "attributes": {
              "arn": "arn:aws:ec2:us-east-1:353631548678:subnet/subnet-06b0ab8f822bcf035",
              "assign_ipv6_address_on_creation": false,
              "availability_zone": "us-east-1a",
              "availability_zone_id": "use1-az4",
              "cidr_block": "172.16.4.0/24",
              "customer_owned_ipv4_pool": "",
              "enable_dns64": false,
              "enable_lni_at_device_index": 0,
              "enable_resource_name_dns_a_record_on_launch": false,
              "enable_resource_name_dns_aaaa_record_on_launch": false,
              "id": "subnet-06b0ab8f822bcf035",
              "ipv6_cidr_block": "",
              "ipv6_cidr_block_association_id": "",
              "ipv6_native": false,
              "map_customer_owned_ip_on_launch": false,
              "map_public_ip_on_launch": true,
              "outpost_arn": "",
              "owner_id": "353631548678",
              "private_dns_hostname_type_on_launch": "ip-name",
              "tags": {
                "Name": "k8s-onyxquity-v3-pi-vpc-public-us-east-1a",
                "kubernetes.io/cluster/onyxquity-v3-pi": "shared",
                "kubernetes.io/role/elb": "1"
              },
              "tags_all": {
                "Name": "k8s-onyxquity-v3-pi-vpc-public-us-east-1a",
                "kubernetes.io/cluster/onyxquity-v3-pi": "shared",
                "kubernetes.io/role/elb": "1"
              },
              "timeouts": null,
              "vpc_id": "vpc-053f00045424e1d9a"
            },
            "sensitive_attributes": [],
            "private": "eyJlMmJmYjczMC1lY2FhLTExZTYtOGY4OC0zNDM2M2JjN2M0YzAiOnsiY3JlYXRlIjo2MDAwMDAwMDAwMDAsImRlbGV0ZSI6MTIwMDAwMDAwMDAwMH0sInNjaGVtYV92ZXJzaW9uIjoiMSJ9",
            "dependencies": [
              "data.aws_availability_zones.available",
              "module.vpc.aws_vpc.this",
              "module.vpc.aws_vpc_ipv4_cidr_block_association.this"
            ]
          },
          {
            "index_key": 1,
            "schema_version": 1,
            "attributes": {
              "arn": "arn:aws:ec2:us-east-1:353631548678:subnet/subnet-08d4dd7a3fde61018",
              "assign_ipv6_address_on_creation": false,
              "availability_zone": "us-east-1b",
              "availability_zone_id": "use1-az6",
              "cidr_block": "172.16.5.0/24",
              "customer_owned_ipv4_pool": "",
              "enable_dns64": false,
              "enable_lni_at_device_index": 0,
              "enable_resource_name_dns_a_record_on_launch": false,
              "enable_resource_name_dns_aaaa_record_on_launch": false,
              "id": "subnet-08d4dd7a3fde61018",
              "ipv6_cidr_block": "",
              "ipv6_cidr_block_association_id": "",
              "ipv6_native": false,
              "map_customer_owned_ip_on_launch": false,
              "map_public_ip_on_launch": true,
              "outpost_arn": "",
              "owner_id": "353631548678",
              "private_dns_hostname_type_on_launch": "ip-name",
              "tags": {
                "Name": "k8s-onyxquity-v3-pi-vpc-public-us-east-1b",
                "kubernetes.io/cluster/onyxquity-v3-pi": "shared",
                "kubernetes.io/role/elb": "1"
              },
              "tags_all": {
                "Name": "k8s-onyxquity-v3-pi-vpc-public-us-east-1b",
                "kubernetes.io/cluster/onyxquity-v3-pi": "shared",
                "kubernetes.io/role/elb": "1"
              },
              "timeouts": null,
              "vpc_id": "vpc-053f00045424e1d9a"
            },
            "sensitive_attributes": [],
            "private": "eyJlMmJmYjczMC1lY2FhLTExZTYtOGY4OC0zNDM2M2JjN2M0YzAiOnsiY3JlYXRlIjo2MDAwMDAwMDAwMDAsImRlbGV0ZSI6MTIwMDAwMDAwMDAwMH0sInNjaGVtYV92ZXJzaW9uIjoiMSJ9",
            "dependencies": [
              "data.aws_availability_zones.available",
              "module.vpc.aws_vpc.this",
              "module.vpc.aws_vpc_ipv4_cidr_block_association.this"
            ]
          },
          {
            "index_key": 2,
            "schema_version": 1,
            "attributes": {
              "arn": "arn:aws:ec2:us-east-1:353631548678:subnet/subnet-062fc9a1132e1d64d",
              "assign_ipv6_address_on_creation": false,
              "availability_zone": "us-east-1c",
              "availability_zone_id": "use1-az1",
              "cidr_block": "172.16.6.0/24",
              "customer_owned_ipv4_pool": "",
              "enable_dns64": false,
              "enable_lni_at_device_index": 0,
              "enable_resource_name_dns_a_record_on_launch": false,
              "enable_resource_name_dns_aaaa_record_on_launch": false,
              "id": "subnet-062fc9a1132e1d64d",
              "ipv6_cidr_block": "",
              "ipv6_cidr_block_association_id": "",
              "ipv6_native": false,
              "map_customer_owned_ip_on_launch": false,
              "map_public_ip_on_launch": true,
              "outpost_arn": "",
              "owner_id": "353631548678",
              "private_dns_hostname_type_on_launch": "ip-name",
              "tags": {
                "Name": "k8s-onyxquity-v3-pi-vpc-public-us-east-1c",
                "kubernetes.io/cluster/onyxquity-v3-pi": "shared",
                "kubernetes.io/role/elb": "1"
              },
              "tags_all": {
                "Name": "k8s-onyxquity-v3-pi-vpc-public-us-east-1c",
                "kubernetes.io/cluster/onyxquity-v3-pi": "shared",
                "kubernetes.io/role/elb": "1"
              },
              "timeouts": null,
              "vpc_id": "vpc-053f00045424e1d9a"
            },
            "sensitive_attributes": [],
            "private": "eyJlMmJmYjczMC1lY2FhLTExZTYtOGY4OC0zNDM2M2JjN2M0YzAiOnsiY3JlYXRlIjo2MDAwMDAwMDAwMDAsImRlbGV0ZSI6MTIwMDAwMDAwMDAwMH0sInNjaGVtYV92ZXJzaW9uIjoiMSJ9",
            "dependencies": [
              "data.aws_availability_zones.available",
              "module.vpc.aws_vpc.this",
              "module.vpc.aws_vpc_ipv4_cidr_block_association.this"
            ]
          }
        ]
      },
      {
        "module": "module.vpc",
        "mode": "managed",
        "type": "aws_vpc",
        "name": "this",
        "provider": "provider[\"registry.terraform.io/hashicorp/aws\"]",
        "instances": [
          {
            "index_key": 0,
            "schema_version": 1,
            "attributes": {
              "arn": "arn:aws:ec2:us-east-1:353631548678:vpc/vpc-053f00045424e1d9a",
              "assign_generated_ipv6_cidr_block": false,
              "cidr_block": "172.16.0.0/16",
              "default_network_acl_id": "acl-0c92a5142d98e7c35",
              "default_route_table_id": "rtb-0b4f7403cb5a8525f",
              "default_security_group_id": "sg-0b79fc248f0c1d20d",
              "dhcp_options_id": "dopt-086cc6a24b03b8d95",
              "enable_classiclink": false,
              "enable_classiclink_dns_support": false,
              "enable_dns_hostnames": true,
              "enable_dns_support": true,
              "enable_network_address_usage_metrics": false,
              "id": "vpc-053f00045424e1d9a",
              "instance_tenancy": "default",
              "ipv4_ipam_pool_id": null,
              "ipv4_netmask_length": null,
              "ipv6_association_id": "",
              "ipv6_cidr_block": "",
              "ipv6_cidr_block_network_border_group": "",
              "ipv6_ipam_pool_id": "",
              "ipv6_netmask_length": 0,
              "main_route_table_id": "rtb-0b4f7403cb5a8525f",
              "owner_id": "353631548678",
              "tags": {
                "Name": "k8s-onyxquity-v3-pi-vpc"
              },
              "tags_all": {
                "Name": "k8s-onyxquity-v3-pi-vpc"
              }
            },
            "sensitive_attributes": [],
            "private": "eyJzY2hlbWFfdmVyc2lvbiI6IjEifQ==",
            "create_before_destroy": true
          }
        ]
      }
    ],
    "check_results": null
  }
  